// !$*UTF8*$!
{
	archiveVersion = 1;
	classes = {
	};
	objectVersion = 46;
	objects = {

/* Begin PBXBuildFile section */
		83022CA81CE0312600BCC710 /* NSDate+XMGExtension.m in Sources */ = {isa = PBXBuildFile; fileRef = 83022CA71CE0312600BCC710 /* NSDate+XMGExtension.m */; };
		83022CAB1CE03F1000BCC710 /* LCKTopicViewController.m in Sources */ = {isa = PBXBuildFile; fileRef = 83022CAA1CE03F1000BCC710 /* LCKTopicViewController.m */; };
		83022CAE1CE096D200BCC710 /* LCKTopicPictureView.m in Sources */ = {isa = PBXBuildFile; fileRef = 83022CAD1CE096D200BCC710 /* LCKTopicPictureView.m */; };
		83022CB01CE096F900BCC710 /* LCKTopicPictureView.xib in Resources */ = {isa = PBXBuildFile; fileRef = 83022CAF1CE096F900BCC710 /* LCKTopicPictureView.xib */; };
		83022CB31CE0B8F700BCC710 /* LCKProgressView.m in Sources */ = {isa = PBXBuildFile; fileRef = 83022CB21CE0B8F700BCC710 /* LCKProgressView.m */; };
		83022CBC1CE0BA1000BCC710 /* DACircularProgressView.m in Sources */ = {isa = PBXBuildFile; fileRef = 83022CB91CE0BA1000BCC710 /* DACircularProgressView.m */; };
		83022CBD1CE0BA1000BCC710 /* DALabeledCircularProgressView.m in Sources */ = {isa = PBXBuildFile; fileRef = 83022CBB1CE0BA1000BCC710 /* DALabeledCircularProgressView.m */; };
		83022CC11CE0BC2B00BCC710 /* LCKShowPictureController.m in Sources */ = {isa = PBXBuildFile; fileRef = 83022CBF1CE0BC2B00BCC710 /* LCKShowPictureController.m */; };
		83022CC21CE0BC2B00BCC710 /* LCKShowPictureController.xib in Resources */ = {isa = PBXBuildFile; fileRef = 83022CC01CE0BC2B00BCC710 /* LCKShowPictureController.xib */; };
		8314E3461CDF7E1700706C8F /* LCKConst.m in Sources */ = {isa = PBXBuildFile; fileRef = 8314E3451CDF7E1700706C8F /* LCKConst.m */; };
		8314E34A1CDF88DF00706C8F /* LCKTopicCell.m in Sources */ = {isa = PBXBuildFile; fileRef = 8314E3481CDF88DF00706C8F /* LCKTopicCell.m */; };
		8314E34B1CDF88DF00706C8F /* LCKTopicCell.xib in Resources */ = {isa = PBXBuildFile; fileRef = 8314E3491CDF88DF00706C8F /* LCKTopicCell.xib */; };
		8323935F1CD979F800F5A511 /* Assets.xcassets in Resources */ = {isa = PBXBuildFile; fileRef = 8323935E1CD979F800F5A511 /* Assets.xcassets */; };
		8323936D1CD979F800F5A511 /* ______Tests.m in Sources */ = {isa = PBXBuildFile; fileRef = 8323936C1CD979F800F5A511 /* ______Tests.m */; };
		832393781CD979F800F5A511 /* ______UITests.m in Sources */ = {isa = PBXBuildFile; fileRef = 832393771CD979F800F5A511 /* ______UITests.m */; };
		8323940E1CD9D8A100F5A511 /* LCKEssenceViewController.m in Sources */ = {isa = PBXBuildFile; fileRef = 832393E31CD9D8A100F5A511 /* LCKEssenceViewController.m */; };
		8323940F1CD9D8A100F5A511 /* LCKFriendTrendsViewController.m in Sources */ = {isa = PBXBuildFile; fileRef = 832393E91CD9D8A100F5A511 /* LCKFriendTrendsViewController.m */; };
		832394101CD9D8A100F5A511 /* AppDelegate.m in Sources */ = {isa = PBXBuildFile; fileRef = 832393EE1CD9D8A100F5A511 /* AppDelegate.m */; };
		832394111CD9D8A100F5A511 /* LCKMeViewController.m in Sources */ = {isa = PBXBuildFile; fileRef = 832393F21CD9D8A100F5A511 /* LCKMeViewController.m */; };
		832394121CD9D8A100F5A511 /* LCKNewViewController.m in Sources */ = {isa = PBXBuildFile; fileRef = 832393F81CD9D8A100F5A511 /* LCKNewViewController.m */; };
		832394131CD9D8A100F5A511 /* UIBarButtonItem+LCKExtention.m in Sources */ = {isa = PBXBuildFile; fileRef = 832393FE1CD9D8A100F5A511 /* UIBarButtonItem+LCKExtention.m */; };
		832394141CD9D8A100F5A511 /* UIView+LCKExtention.m in Sources */ = {isa = PBXBuildFile; fileRef = 832394001CD9D8A100F5A511 /* UIView+LCKExtention.m */; };
		832394151CD9D8A100F5A511 /* LCKtabBarController.m in Sources */ = {isa = PBXBuildFile; fileRef = 832394031CD9D8A100F5A511 /* LCKtabBarController.m */; };
		832394161CD9D8A100F5A511 /* main.m in Sources */ = {isa = PBXBuildFile; fileRef = 832394041CD9D8A100F5A511 /* main.m */; };
		832394171CD9D8A100F5A511 /* LCKTabBar.m in Sources */ = {isa = PBXBuildFile; fileRef = 832394091CD9D8A100F5A511 /* LCKTabBar.m */; };
		8323941B1CD9E1DC00F5A511 /* LCKNavigationController.m in Sources */ = {isa = PBXBuildFile; fileRef = 8323941A1CD9E1DC00F5A511 /* LCKNavigationController.m */; };
		832394221CDA0A8300F5A511 /* LCKFriendTrendsViewController.xib in Resources */ = {isa = PBXBuildFile; fileRef = 832394211CDA0A8300F5A511 /* LCKFriendTrendsViewController.xib */; };
		833303D41CE230690025587B /* LCKTopicVoiceView.m in Sources */ = {isa = PBXBuildFile; fileRef = 833303D31CE230690025587B /* LCKTopicVoiceView.m */; };
		833303D61CE230800025587B /* LCKTopicVoiceView.xib in Resources */ = {isa = PBXBuildFile; fileRef = 833303D51CE230800025587B /* LCKTopicVoiceView.xib */; };
		838FB4B01CDA3BCF00917F90 /* AFHTTPSessionManager.m in Sources */ = {isa = PBXBuildFile; fileRef = 838FB4391CDA3BCF00917F90 /* AFHTTPSessionManager.m */; };
		838FB4B11CDA3BCF00917F90 /* AFNetworkReachabilityManager.m in Sources */ = {isa = PBXBuildFile; fileRef = 838FB43C1CDA3BCF00917F90 /* AFNetworkReachabilityManager.m */; };
		838FB4B21CDA3BCF00917F90 /* AFSecurityPolicy.m in Sources */ = {isa = PBXBuildFile; fileRef = 838FB43E1CDA3BCF00917F90 /* AFSecurityPolicy.m */; };
		838FB4B31CDA3BCF00917F90 /* AFURLRequestSerialization.m in Sources */ = {isa = PBXBuildFile; fileRef = 838FB4401CDA3BCF00917F90 /* AFURLRequestSerialization.m */; };
		838FB4B41CDA3BCF00917F90 /* AFURLResponseSerialization.m in Sources */ = {isa = PBXBuildFile; fileRef = 838FB4421CDA3BCF00917F90 /* AFURLResponseSerialization.m */; };
		838FB4B51CDA3BCF00917F90 /* AFURLSessionManager.m in Sources */ = {isa = PBXBuildFile; fileRef = 838FB4441CDA3BCF00917F90 /* AFURLSessionManager.m */; };
		838FB4B61CDA3BCF00917F90 /* MJExtensionConst.m in Sources */ = {isa = PBXBuildFile; fileRef = 838FB4481CDA3BCF00917F90 /* MJExtensionConst.m */; };
		838FB4B71CDA3BCF00917F90 /* MJFoundation.m in Sources */ = {isa = PBXBuildFile; fileRef = 838FB44A1CDA3BCF00917F90 /* MJFoundation.m */; };
		838FB4B81CDA3BCF00917F90 /* MJProperty.m in Sources */ = {isa = PBXBuildFile; fileRef = 838FB44C1CDA3BCF00917F90 /* MJProperty.m */; };
		838FB4B91CDA3BCF00917F90 /* MJPropertyKey.m in Sources */ = {isa = PBXBuildFile; fileRef = 838FB44E1CDA3BCF00917F90 /* MJPropertyKey.m */; };
		838FB4BA1CDA3BCF00917F90 /* MJPropertyType.m in Sources */ = {isa = PBXBuildFile; fileRef = 838FB4501CDA3BCF00917F90 /* MJPropertyType.m */; };
		838FB4BB1CDA3BCF00917F90 /* NSObject+MJClass.m in Sources */ = {isa = PBXBuildFile; fileRef = 838FB4521CDA3BCF00917F90 /* NSObject+MJClass.m */; };
		838FB4BC1CDA3BCF00917F90 /* NSObject+MJCoding.m in Sources */ = {isa = PBXBuildFile; fileRef = 838FB4541CDA3BCF00917F90 /* NSObject+MJCoding.m */; };
		838FB4BD1CDA3BCF00917F90 /* NSObject+MJKeyValue.m in Sources */ = {isa = PBXBuildFile; fileRef = 838FB4561CDA3BCF00917F90 /* NSObject+MJKeyValue.m */; };
		838FB4BE1CDA3BCF00917F90 /* NSObject+MJProperty.m in Sources */ = {isa = PBXBuildFile; fileRef = 838FB4581CDA3BCF00917F90 /* NSObject+MJProperty.m */; };
		838FB4BF1CDA3BCF00917F90 /* NSString+MJExtension.m in Sources */ = {isa = PBXBuildFile; fileRef = 838FB45A1CDA3BCF00917F90 /* NSString+MJExtension.m */; };
		838FB4C01CDA3BCF00917F90 /* MJRefreshAutoFooter.m in Sources */ = {isa = PBXBuildFile; fileRef = 838FB45E1CDA3BCF00917F90 /* MJRefreshAutoFooter.m */; };
		838FB4C11CDA3BCF00917F90 /* MJRefreshBackFooter.m in Sources */ = {isa = PBXBuildFile; fileRef = 838FB4601CDA3BCF00917F90 /* MJRefreshBackFooter.m */; };
		838FB4C21CDA3BCF00917F90 /* MJRefreshComponent.m in Sources */ = {isa = PBXBuildFile; fileRef = 838FB4621CDA3BCF00917F90 /* MJRefreshComponent.m */; };
		838FB4C31CDA3BCF00917F90 /* MJRefreshFooter.m in Sources */ = {isa = PBXBuildFile; fileRef = 838FB4641CDA3BCF00917F90 /* MJRefreshFooter.m */; };
		838FB4C41CDA3BCF00917F90 /* MJRefreshHeader.m in Sources */ = {isa = PBXBuildFile; fileRef = 838FB4661CDA3BCF00917F90 /* MJRefreshHeader.m */; };
		838FB4C51CDA3BCF00917F90 /* MJRefreshAutoGifFooter.m in Sources */ = {isa = PBXBuildFile; fileRef = 838FB46B1CDA3BCF00917F90 /* MJRefreshAutoGifFooter.m */; };
		838FB4C61CDA3BCF00917F90 /* MJRefreshAutoNormalFooter.m in Sources */ = {isa = PBXBuildFile; fileRef = 838FB46D1CDA3BCF00917F90 /* MJRefreshAutoNormalFooter.m */; };
		838FB4C71CDA3BCF00917F90 /* MJRefreshAutoStateFooter.m in Sources */ = {isa = PBXBuildFile; fileRef = 838FB46F1CDA3BCF00917F90 /* MJRefreshAutoStateFooter.m */; };
		838FB4C81CDA3BCF00917F90 /* MJRefreshBackGifFooter.m in Sources */ = {isa = PBXBuildFile; fileRef = 838FB4721CDA3BCF00917F90 /* MJRefreshBackGifFooter.m */; };
		838FB4C91CDA3BCF00917F90 /* MJRefreshBackNormalFooter.m in Sources */ = {isa = PBXBuildFile; fileRef = 838FB4741CDA3BCF00917F90 /* MJRefreshBackNormalFooter.m */; };
		838FB4CA1CDA3BCF00917F90 /* MJRefreshBackStateFooter.m in Sources */ = {isa = PBXBuildFile; fileRef = 838FB4761CDA3BCF00917F90 /* MJRefreshBackStateFooter.m */; };
		838FB4CB1CDA3BCF00917F90 /* MJRefreshGifHeader.m in Sources */ = {isa = PBXBuildFile; fileRef = 838FB4791CDA3BCF00917F90 /* MJRefreshGifHeader.m */; };
		838FB4CC1CDA3BCF00917F90 /* MJRefreshNormalHeader.m in Sources */ = {isa = PBXBuildFile; fileRef = 838FB47B1CDA3BCF00917F90 /* MJRefreshNormalHeader.m */; };
		838FB4CD1CDA3BCF00917F90 /* MJRefreshStateHeader.m in Sources */ = {isa = PBXBuildFile; fileRef = 838FB47D1CDA3BCF00917F90 /* MJRefreshStateHeader.m */; };
		838FB4CE1CDA3BCF00917F90 /* MJRefresh.bundle in Resources */ = {isa = PBXBuildFile; fileRef = 838FB47E1CDA3BCF00917F90 /* MJRefresh.bundle */; };
		838FB4CF1CDA3BCF00917F90 /* MJRefreshConst.m in Sources */ = {isa = PBXBuildFile; fileRef = 838FB4811CDA3BCF00917F90 /* MJRefreshConst.m */; };
		838FB4D01CDA3BCF00917F90 /* UIScrollView+MJExtension.m in Sources */ = {isa = PBXBuildFile; fileRef = 838FB4831CDA3BCF00917F90 /* UIScrollView+MJExtension.m */; };
		838FB4D11CDA3BCF00917F90 /* UIScrollView+MJRefresh.m in Sources */ = {isa = PBXBuildFile; fileRef = 838FB4851CDA3BCF00917F90 /* UIScrollView+MJRefresh.m */; };
		838FB4D21CDA3BCF00917F90 /* UIView+MJExtension.m in Sources */ = {isa = PBXBuildFile; fileRef = 838FB4871CDA3BCF00917F90 /* UIView+MJExtension.m */; };
		838FB4D31CDA3BCF00917F90 /* MKAnnotationView+WebCache.m in Sources */ = {isa = PBXBuildFile; fileRef = 838FB48A1CDA3BCF00917F90 /* MKAnnotationView+WebCache.m */; };
		838FB4D41CDA3BCF00917F90 /* NSData+ImageContentType.m in Sources */ = {isa = PBXBuildFile; fileRef = 838FB48C1CDA3BCF00917F90 /* NSData+ImageContentType.m */; };
		838FB4D51CDA3BCF00917F90 /* SDImageCache.m in Sources */ = {isa = PBXBuildFile; fileRef = 838FB48E1CDA3BCF00917F90 /* SDImageCache.m */; };
		838FB4D61CDA3BCF00917F90 /* SDWebImageCompat.m in Sources */ = {isa = PBXBuildFile; fileRef = 838FB4901CDA3BCF00917F90 /* SDWebImageCompat.m */; };
		838FB4D71CDA3BCF00917F90 /* SDWebImageDecoder.m in Sources */ = {isa = PBXBuildFile; fileRef = 838FB4921CDA3BCF00917F90 /* SDWebImageDecoder.m */; };
		838FB4D81CDA3BCF00917F90 /* SDWebImageDownloader.m in Sources */ = {isa = PBXBuildFile; fileRef = 838FB4941CDA3BCF00917F90 /* SDWebImageDownloader.m */; };
		838FB4D91CDA3BCF00917F90 /* SDWebImageDownloaderOperation.m in Sources */ = {isa = PBXBuildFile; fileRef = 838FB4961CDA3BCF00917F90 /* SDWebImageDownloaderOperation.m */; };
		838FB4DA1CDA3BCF00917F90 /* SDWebImageManager.m in Sources */ = {isa = PBXBuildFile; fileRef = 838FB4981CDA3BCF00917F90 /* SDWebImageManager.m */; };
		838FB4DB1CDA3BCF00917F90 /* SDWebImagePrefetcher.m in Sources */ = {isa = PBXBuildFile; fileRef = 838FB49B1CDA3BCF00917F90 /* SDWebImagePrefetcher.m */; };
		838FB4DC1CDA3BCF00917F90 /* UIButton+WebCache.m in Sources */ = {isa = PBXBuildFile; fileRef = 838FB49D1CDA3BCF00917F90 /* UIButton+WebCache.m */; };
		838FB4DD1CDA3BCF00917F90 /* UIImage+GIF.m in Sources */ = {isa = PBXBuildFile; fileRef = 838FB49F1CDA3BCF00917F90 /* UIImage+GIF.m */; };
		838FB4DE1CDA3BCF00917F90 /* UIImage+MultiFormat.m in Sources */ = {isa = PBXBuildFile; fileRef = 838FB4A11CDA3BCF00917F90 /* UIImage+MultiFormat.m */; };
		838FB4DF1CDA3BCF00917F90 /* UIImage+WebP.m in Sources */ = {isa = PBXBuildFile; fileRef = 838FB4A31CDA3BCF00917F90 /* UIImage+WebP.m */; };
		838FB4E01CDA3BCF00917F90 /* UIImageView+HighlightedWebCache.m in Sources */ = {isa = PBXBuildFile; fileRef = 838FB4A51CDA3BCF00917F90 /* UIImageView+HighlightedWebCache.m */; };
		838FB4E11CDA3BCF00917F90 /* UIImageView+WebCache.m in Sources */ = {isa = PBXBuildFile; fileRef = 838FB4A71CDA3BCF00917F90 /* UIImageView+WebCache.m */; };
		838FB4E21CDA3BCF00917F90 /* UIView+WebCacheOperation.m in Sources */ = {isa = PBXBuildFile; fileRef = 838FB4A91CDA3BCF00917F90 /* UIView+WebCacheOperation.m */; };
		838FB4E31CDA3BCF00917F90 /* SVIndefiniteAnimatedView.m in Sources */ = {isa = PBXBuildFile; fileRef = 838FB4AC1CDA3BCF00917F90 /* SVIndefiniteAnimatedView.m */; };
		838FB4E41CDA3BCF00917F90 /* SVProgressHUD.bundle in Resources */ = {isa = PBXBuildFile; fileRef = 838FB4AD1CDA3BCF00917F90 /* SVProgressHUD.bundle */; };
		838FB4E51CDA3BCF00917F90 /* SVProgressHUD.m in Sources */ = {isa = PBXBuildFile; fileRef = 838FB4AF1CDA3BCF00917F90 /* SVProgressHUD.m */; };
		838FB4E71CDA3C8200917F90 /* Foundation+Log.m in Sources */ = {isa = PBXBuildFile; fileRef = 838FB4E61CDA3C8200917F90 /* Foundation+Log.m */; };
		838FB4EA1CDA43C000917F90 /* LCKRecommendCategory.m in Sources */ = {isa = PBXBuildFile; fileRef = 838FB4E91CDA43C000917F90 /* LCKRecommendCategory.m */; };
		838FB4EE1CDA472700917F90 /* LCKRecommendCategoryCell.m in Sources */ = {isa = PBXBuildFile; fileRef = 838FB4EC1CDA472700917F90 /* LCKRecommendCategoryCell.m */; };
		838FB4EF1CDA472700917F90 /* LCKRecommendCategoryCell.xib in Resources */ = {isa = PBXBuildFile; fileRef = 838FB4ED1CDA472700917F90 /* LCKRecommendCategoryCell.xib */; };
		83AD49E21CDA312500B1A884 /* LCKRecommendViewController.m in Sources */ = {isa = PBXBuildFile; fileRef = 83AD49E01CDA312500B1A884 /* LCKRecommendViewController.m */; };
		83AD49E31CDA312500B1A884 /* LCKRecommendViewController.xib in Resources */ = {isa = PBXBuildFile; fileRef = 83AD49E11CDA312500B1A884 /* LCKRecommendViewController.xib */; };
		83AEE06A1CDAE040002E9C63 /* LCKRecommendUserCell.m in Sources */ = {isa = PBXBuildFile; fileRef = 83AEE0681CDAE040002E9C63 /* LCKRecommendUserCell.m */; };
		83AEE06B1CDAE040002E9C63 /* LCKRecommendUserCell.xib in Resources */ = {isa = PBXBuildFile; fileRef = 83AEE0691CDAE040002E9C63 /* LCKRecommendUserCell.xib */; };
		83AEE06E1CDAE81A002E9C63 /* LCKRecommendUser.m in Sources */ = {isa = PBXBuildFile; fileRef = 83AEE06D1CDAE81A002E9C63 /* LCKRecommendUser.m */; };
		83B3A12B1CDEC7C000773786 /* LCKPushGuideView.m in Sources */ = {isa = PBXBuildFile; fileRef = 83B3A12A1CDEC7C000773786 /* LCKPushGuideView.m */; };
		83B3A12D1CDEC7DA00773786 /* LCKPushGuideView.xib in Resources */ = {isa = PBXBuildFile; fileRef = 83B3A12C1CDEC7DA00773786 /* LCKPushGuideView.xib */; };
		83B3A13F1CDF4BFD00773786 /* LCKTopic.m in Sources */ = {isa = PBXBuildFile; fileRef = 83B3A13E1CDF4BFD00773786 /* LCKTopic.m */; };
		83C99A6E1CDE13DB00FC5638 /* LCKLoginRegisterViewController.m in Sources */ = {isa = PBXBuildFile; fileRef = 83C99A6C1CDE13DB00FC5638 /* LCKLoginRegisterViewController.m */; };
		83C99A6F1CDE13DB00FC5638 /* LCKLoginRegisterViewController.xib in Resources */ = {isa = PBXBuildFile; fileRef = 83C99A6D1CDE13DB00FC5638 /* LCKLoginRegisterViewController.xib */; };
		83C99A721CDE2C5400FC5638 /* LCKVerticalButton.m in Sources */ = {isa = PBXBuildFile; fileRef = 83C99A711CDE2C5400FC5638 /* LCKVerticalButton.m */; };
		83C99A751CDE3E6200FC5638 /* LCKTextField.m in Sources */ = {isa = PBXBuildFile; fileRef = 83C99A741CDE3E6200FC5638 /* LCKTextField.m */; };
		83D907B71CE17BF60091F278 /* LCKPublishViewController.m in Sources */ = {isa = PBXBuildFile; fileRef = 83D907B51CE17BF60091F278 /* LCKPublishViewController.m */; };
		83D907B81CE17BF60091F278 /* LCKPublishViewController.xib in Resources */ = {isa = PBXBuildFile; fileRef = 83D907B61CE17BF60091F278 /* LCKPublishViewController.xib */; };
		83DB8F7D1CDB805700A22D75 /* LCKRecommendTagViewController.m in Sources */ = {isa = PBXBuildFile; fileRef = 83DB8F7C1CDB805700A22D75 /* LCKRecommendTagViewController.m */; };
		83DB8F801CDB855700A22D75 /* LCKRecommendTags.m in Sources */ = {isa = PBXBuildFile; fileRef = 83DB8F7F1CDB855700A22D75 /* LCKRecommendTags.m */; };
		83DB8F841CDB8CDC00A22D75 /* LCKRecommendTagViewCell.m in Sources */ = {isa = PBXBuildFile; fileRef = 83DB8F821CDB8CDC00A22D75 /* LCKRecommendTagViewCell.m */; };
		83DB8F851CDB8CDC00A22D75 /* LCKRecommendTagViewCell.xib in Resources */ = {isa = PBXBuildFile; fileRef = 83DB8F831CDB8CDC00A22D75 /* LCKRecommendTagViewCell.xib */; };
/* End PBXBuildFile section */

/* Begin PBXContainerItemProxy section */
		832393691CD979F800F5A511 /* PBXContainerItemProxy */ = {
			isa = PBXContainerItemProxy;
			containerPortal = 832393471CD979F700F5A511 /* Project object */;
			proxyType = 1;
			remoteGlobalIDString = 8323934E1CD979F700F5A511;
			remoteInfo = "百思不得骑姐";
		};
		832393741CD979F800F5A511 /* PBXContainerItemProxy */ = {
			isa = PBXContainerItemProxy;
			containerPortal = 832393471CD979F700F5A511 /* Project object */;
			proxyType = 1;
			remoteGlobalIDString = 8323934E1CD979F700F5A511;
			remoteInfo = "百思不得骑姐";
		};
/* End PBXContainerItemProxy section */

/* Begin PBXFileReference section */
		83022CA61CE0312600BCC710 /* NSDate+XMGExtension.h */ = {isa = PBXFileReference; fileEncoding = 4; lastKnownFileType = sourcecode.c.h; path = "NSDate+XMGExtension.h"; sourceTree = "<group>"; };
		83022CA71CE0312600BCC710 /* NSDate+XMGExtension.m */ = {isa = PBXFileReference; fileEncoding = 4; lastKnownFileType = sourcecode.c.objc; path = "NSDate+XMGExtension.m"; sourceTree = "<group>"; };
		83022CA91CE03F1000BCC710 /* LCKTopicViewController.h */ = {isa = PBXFileReference; fileEncoding = 4; lastKnownFileType = sourcecode.c.h; path = LCKTopicViewController.h; sourceTree = "<group>"; };
		83022CAA1CE03F1000BCC710 /* LCKTopicViewController.m */ = {isa = PBXFileReference; fileEncoding = 4; lastKnownFileType = sourcecode.c.objc; path = LCKTopicViewController.m; sourceTree = "<group>"; };
		83022CAC1CE096D200BCC710 /* LCKTopicPictureView.h */ = {isa = PBXFileReference; fileEncoding = 4; lastKnownFileType = sourcecode.c.h; path = LCKTopicPictureView.h; sourceTree = "<group>"; };
		83022CAD1CE096D200BCC710 /* LCKTopicPictureView.m */ = {isa = PBXFileReference; fileEncoding = 4; lastKnownFileType = sourcecode.c.objc; path = LCKTopicPictureView.m; sourceTree = "<group>"; };
		83022CAF1CE096F900BCC710 /* LCKTopicPictureView.xib */ = {isa = PBXFileReference; fileEncoding = 4; lastKnownFileType = file.xib; path = LCKTopicPictureView.xib; sourceTree = "<group>"; };
		83022CB11CE0B8F700BCC710 /* LCKProgressView.h */ = {isa = PBXFileReference; fileEncoding = 4; lastKnownFileType = sourcecode.c.h; path = LCKProgressView.h; sourceTree = "<group>"; };
		83022CB21CE0B8F700BCC710 /* LCKProgressView.m */ = {isa = PBXFileReference; fileEncoding = 4; lastKnownFileType = sourcecode.c.objc; path = LCKProgressView.m; sourceTree = "<group>"; };
		83022CB81CE0BA1000BCC710 /* DACircularProgressView.h */ = {isa = PBXFileReference; fileEncoding = 4; lastKnownFileType = sourcecode.c.h; path = DACircularProgressView.h; sourceTree = "<group>"; };
		83022CB91CE0BA1000BCC710 /* DACircularProgressView.m */ = {isa = PBXFileReference; fileEncoding = 4; lastKnownFileType = sourcecode.c.objc; path = DACircularProgressView.m; sourceTree = "<group>"; };
		83022CBA1CE0BA1000BCC710 /* DALabeledCircularProgressView.h */ = {isa = PBXFileReference; fileEncoding = 4; lastKnownFileType = sourcecode.c.h; path = DALabeledCircularProgressView.h; sourceTree = "<group>"; };
		83022CBB1CE0BA1000BCC710 /* DALabeledCircularProgressView.m */ = {isa = PBXFileReference; fileEncoding = 4; lastKnownFileType = sourcecode.c.objc; path = DALabeledCircularProgressView.m; sourceTree = "<group>"; };
		83022CBE1CE0BC2B00BCC710 /* LCKShowPictureController.h */ = {isa = PBXFileReference; fileEncoding = 4; lastKnownFileType = sourcecode.c.h; path = LCKShowPictureController.h; sourceTree = "<group>"; };
		83022CBF1CE0BC2B00BCC710 /* LCKShowPictureController.m */ = {isa = PBXFileReference; fileEncoding = 4; lastKnownFileType = sourcecode.c.objc; path = LCKShowPictureController.m; sourceTree = "<group>"; };
		83022CC01CE0BC2B00BCC710 /* LCKShowPictureController.xib */ = {isa = PBXFileReference; fileEncoding = 4; lastKnownFileType = file.xib; path = LCKShowPictureController.xib; sourceTree = "<group>"; };
		8314E3441CDF7E1700706C8F /* LCKConst.h */ = {isa = PBXFileReference; fileEncoding = 4; lastKnownFileType = sourcecode.c.h; path = LCKConst.h; sourceTree = "<group>"; };
		8314E3451CDF7E1700706C8F /* LCKConst.m */ = {isa = PBXFileReference; fileEncoding = 4; lastKnownFileType = sourcecode.c.objc; path = LCKConst.m; sourceTree = "<group>"; };
		8314E3471CDF88DF00706C8F /* LCKTopicCell.h */ = {isa = PBXFileReference; fileEncoding = 4; lastKnownFileType = sourcecode.c.h; path = LCKTopicCell.h; sourceTree = "<group>"; };
		8314E3481CDF88DF00706C8F /* LCKTopicCell.m */ = {isa = PBXFileReference; fileEncoding = 4; lastKnownFileType = sourcecode.c.objc; path = LCKTopicCell.m; sourceTree = "<group>"; };
		8314E3491CDF88DF00706C8F /* LCKTopicCell.xib */ = {isa = PBXFileReference; fileEncoding = 4; lastKnownFileType = file.xib; path = LCKTopicCell.xib; sourceTree = "<group>"; };
		8323934F1CD979F700F5A511 /* 百思不得骑姐.app */ = {isa = PBXFileReference; explicitFileType = wrapper.application; includeInIndex = 0; path = "百思不得骑姐.app"; sourceTree = BUILT_PRODUCTS_DIR; };
		8323935E1CD979F800F5A511 /* Assets.xcassets */ = {isa = PBXFileReference; lastKnownFileType = folder.assetcatalog; path = Assets.xcassets; sourceTree = "<group>"; };
		832393631CD979F800F5A511 /* Info.plist */ = {isa = PBXFileReference; lastKnownFileType = text.plist.xml; path = Info.plist; sourceTree = "<group>"; };
		832393681CD979F800F5A511 /* 百思不得骑姐Tests.xctest */ = {isa = PBXFileReference; explicitFileType = wrapper.cfbundle; includeInIndex = 0; path = "百思不得骑姐Tests.xctest"; sourceTree = BUILT_PRODUCTS_DIR; };
		8323936C1CD979F800F5A511 /* ______Tests.m */ = {isa = PBXFileReference; lastKnownFileType = sourcecode.c.objc; path = "______Tests.m"; sourceTree = "<group>"; };
		8323936E1CD979F800F5A511 /* Info.plist */ = {isa = PBXFileReference; lastKnownFileType = text.plist.xml; path = Info.plist; sourceTree = "<group>"; };
		832393731CD979F800F5A511 /* 百思不得骑姐UITests.xctest */ = {isa = PBXFileReference; explicitFileType = wrapper.cfbundle; includeInIndex = 0; path = "百思不得骑姐UITests.xctest"; sourceTree = BUILT_PRODUCTS_DIR; };
		832393771CD979F800F5A511 /* ______UITests.m */ = {isa = PBXFileReference; lastKnownFileType = sourcecode.c.objc; path = "______UITests.m"; sourceTree = "<group>"; };
		832393791CD979F800F5A511 /* Info.plist */ = {isa = PBXFileReference; lastKnownFileType = text.plist.xml; path = Info.plist; sourceTree = "<group>"; };
		832393E21CD9D8A100F5A511 /* LCKEssenceViewController.h */ = {isa = PBXFileReference; fileEncoding = 4; lastKnownFileType = sourcecode.c.h; path = LCKEssenceViewController.h; sourceTree = "<group>"; };
		832393E31CD9D8A100F5A511 /* LCKEssenceViewController.m */ = {isa = PBXFileReference; fileEncoding = 4; lastKnownFileType = sourcecode.c.objc; path = LCKEssenceViewController.m; sourceTree = "<group>"; };
		832393E81CD9D8A100F5A511 /* LCKFriendTrendsViewController.h */ = {isa = PBXFileReference; fileEncoding = 4; lastKnownFileType = sourcecode.c.h; path = LCKFriendTrendsViewController.h; sourceTree = "<group>"; };
		832393E91CD9D8A100F5A511 /* LCKFriendTrendsViewController.m */ = {isa = PBXFileReference; fileEncoding = 4; lastKnownFileType = sourcecode.c.objc; path = LCKFriendTrendsViewController.m; sourceTree = "<group>"; };
		832393ED1CD9D8A100F5A511 /* AppDelegate.h */ = {isa = PBXFileReference; fileEncoding = 4; lastKnownFileType = sourcecode.c.h; path = AppDelegate.h; sourceTree = "<group>"; };
		832393EE1CD9D8A100F5A511 /* AppDelegate.m */ = {isa = PBXFileReference; fileEncoding = 4; lastKnownFileType = sourcecode.c.objc; path = AppDelegate.m; sourceTree = "<group>"; };
		832393F11CD9D8A100F5A511 /* LCKMeViewController.h */ = {isa = PBXFileReference; fileEncoding = 4; lastKnownFileType = sourcecode.c.h; path = LCKMeViewController.h; sourceTree = "<group>"; };
		832393F21CD9D8A100F5A511 /* LCKMeViewController.m */ = {isa = PBXFileReference; fileEncoding = 4; lastKnownFileType = sourcecode.c.objc; path = LCKMeViewController.m; sourceTree = "<group>"; };
		832393F71CD9D8A100F5A511 /* LCKNewViewController.h */ = {isa = PBXFileReference; fileEncoding = 4; lastKnownFileType = sourcecode.c.h; path = LCKNewViewController.h; sourceTree = "<group>"; };
		832393F81CD9D8A100F5A511 /* LCKNewViewController.m */ = {isa = PBXFileReference; fileEncoding = 4; lastKnownFileType = sourcecode.c.objc; path = LCKNewViewController.m; sourceTree = "<group>"; };
		832393FD1CD9D8A100F5A511 /* UIBarButtonItem+LCKExtention.h */ = {isa = PBXFileReference; fileEncoding = 4; lastKnownFileType = sourcecode.c.h; path = "UIBarButtonItem+LCKExtention.h"; sourceTree = "<group>"; };
		832393FE1CD9D8A100F5A511 /* UIBarButtonItem+LCKExtention.m */ = {isa = PBXFileReference; fileEncoding = 4; lastKnownFileType = sourcecode.c.objc; path = "UIBarButtonItem+LCKExtention.m"; sourceTree = "<group>"; };
		832393FF1CD9D8A100F5A511 /* UIView+LCKExtention.h */ = {isa = PBXFileReference; fileEncoding = 4; lastKnownFileType = sourcecode.c.h; path = "UIView+LCKExtention.h"; sourceTree = "<group>"; };
		832394001CD9D8A100F5A511 /* UIView+LCKExtention.m */ = {isa = PBXFileReference; fileEncoding = 4; lastKnownFileType = sourcecode.c.objc; path = "UIView+LCKExtention.m"; sourceTree = "<group>"; };
		832394021CD9D8A100F5A511 /* LCKtabBarController.h */ = {isa = PBXFileReference; fileEncoding = 4; lastKnownFileType = sourcecode.c.h; path = LCKtabBarController.h; sourceTree = "<group>"; };
		832394031CD9D8A100F5A511 /* LCKtabBarController.m */ = {isa = PBXFileReference; fileEncoding = 4; lastKnownFileType = sourcecode.c.objc; path = LCKtabBarController.m; sourceTree = "<group>"; };
		832394041CD9D8A100F5A511 /* main.m */ = {isa = PBXFileReference; fileEncoding = 4; lastKnownFileType = sourcecode.c.objc; path = main.m; sourceTree = "<group>"; };
		832394081CD9D8A100F5A511 /* LCKTabBar.h */ = {isa = PBXFileReference; fileEncoding = 4; lastKnownFileType = sourcecode.c.h; path = LCKTabBar.h; sourceTree = "<group>"; };
		832394091CD9D8A100F5A511 /* LCKTabBar.m */ = {isa = PBXFileReference; fileEncoding = 4; lastKnownFileType = sourcecode.c.objc; path = LCKTabBar.m; sourceTree = "<group>"; };
		832394181CD9D8EE00F5A511 /* PrefixHeader.pch */ = {isa = PBXFileReference; fileEncoding = 4; lastKnownFileType = sourcecode.c.h; path = PrefixHeader.pch; sourceTree = "<group>"; };
		832394191CD9E1DC00F5A511 /* LCKNavigationController.h */ = {isa = PBXFileReference; fileEncoding = 4; lastKnownFileType = sourcecode.c.h; path = LCKNavigationController.h; sourceTree = "<group>"; };
		8323941A1CD9E1DC00F5A511 /* LCKNavigationController.m */ = {isa = PBXFileReference; fileEncoding = 4; lastKnownFileType = sourcecode.c.objc; path = LCKNavigationController.m; sourceTree = "<group>"; };
		832394211CDA0A8300F5A511 /* LCKFriendTrendsViewController.xib */ = {isa = PBXFileReference; fileEncoding = 4; lastKnownFileType = file.xib; path = LCKFriendTrendsViewController.xib; sourceTree = "<group>"; };
		833303D21CE230690025587B /* LCKTopicVoiceView.h */ = {isa = PBXFileReference; fileEncoding = 4; lastKnownFileType = sourcecode.c.h; path = LCKTopicVoiceView.h; sourceTree = "<group>"; };
		833303D31CE230690025587B /* LCKTopicVoiceView.m */ = {isa = PBXFileReference; fileEncoding = 4; lastKnownFileType = sourcecode.c.objc; path = LCKTopicVoiceView.m; sourceTree = "<group>"; };
		833303D51CE230800025587B /* LCKTopicVoiceView.xib */ = {isa = PBXFileReference; fileEncoding = 4; lastKnownFileType = file.xib; path = LCKTopicVoiceView.xib; sourceTree = "<group>"; };
		838FB4381CDA3BCF00917F90 /* AFHTTPSessionManager.h */ = {isa = PBXFileReference; fileEncoding = 4; lastKnownFileType = sourcecode.c.h; path = AFHTTPSessionManager.h; sourceTree = "<group>"; };
		838FB4391CDA3BCF00917F90 /* AFHTTPSessionManager.m */ = {isa = PBXFileReference; fileEncoding = 4; lastKnownFileType = sourcecode.c.objc; path = AFHTTPSessionManager.m; sourceTree = "<group>"; };
		838FB43A1CDA3BCF00917F90 /* AFNetworking.h */ = {isa = PBXFileReference; fileEncoding = 4; lastKnownFileType = sourcecode.c.h; path = AFNetworking.h; sourceTree = "<group>"; };
		838FB43B1CDA3BCF00917F90 /* AFNetworkReachabilityManager.h */ = {isa = PBXFileReference; fileEncoding = 4; lastKnownFileType = sourcecode.c.h; path = AFNetworkReachabilityManager.h; sourceTree = "<group>"; };
		838FB43C1CDA3BCF00917F90 /* AFNetworkReachabilityManager.m */ = {isa = PBXFileReference; fileEncoding = 4; lastKnownFileType = sourcecode.c.objc; path = AFNetworkReachabilityManager.m; sourceTree = "<group>"; };
		838FB43D1CDA3BCF00917F90 /* AFSecurityPolicy.h */ = {isa = PBXFileReference; fileEncoding = 4; lastKnownFileType = sourcecode.c.h; path = AFSecurityPolicy.h; sourceTree = "<group>"; };
		838FB43E1CDA3BCF00917F90 /* AFSecurityPolicy.m */ = {isa = PBXFileReference; fileEncoding = 4; lastKnownFileType = sourcecode.c.objc; path = AFSecurityPolicy.m; sourceTree = "<group>"; };
		838FB43F1CDA3BCF00917F90 /* AFURLRequestSerialization.h */ = {isa = PBXFileReference; fileEncoding = 4; lastKnownFileType = sourcecode.c.h; path = AFURLRequestSerialization.h; sourceTree = "<group>"; };
		838FB4401CDA3BCF00917F90 /* AFURLRequestSerialization.m */ = {isa = PBXFileReference; fileEncoding = 4; lastKnownFileType = sourcecode.c.objc; path = AFURLRequestSerialization.m; sourceTree = "<group>"; };
		838FB4411CDA3BCF00917F90 /* AFURLResponseSerialization.h */ = {isa = PBXFileReference; fileEncoding = 4; lastKnownFileType = sourcecode.c.h; path = AFURLResponseSerialization.h; sourceTree = "<group>"; };
		838FB4421CDA3BCF00917F90 /* AFURLResponseSerialization.m */ = {isa = PBXFileReference; fileEncoding = 4; lastKnownFileType = sourcecode.c.objc; path = AFURLResponseSerialization.m; sourceTree = "<group>"; };
		838FB4431CDA3BCF00917F90 /* AFURLSessionManager.h */ = {isa = PBXFileReference; fileEncoding = 4; lastKnownFileType = sourcecode.c.h; path = AFURLSessionManager.h; sourceTree = "<group>"; };
		838FB4441CDA3BCF00917F90 /* AFURLSessionManager.m */ = {isa = PBXFileReference; fileEncoding = 4; lastKnownFileType = sourcecode.c.objc; path = AFURLSessionManager.m; sourceTree = "<group>"; };
		838FB4461CDA3BCF00917F90 /* MJExtension.h */ = {isa = PBXFileReference; fileEncoding = 4; lastKnownFileType = sourcecode.c.h; path = MJExtension.h; sourceTree = "<group>"; };
		838FB4471CDA3BCF00917F90 /* MJExtensionConst.h */ = {isa = PBXFileReference; fileEncoding = 4; lastKnownFileType = sourcecode.c.h; path = MJExtensionConst.h; sourceTree = "<group>"; };
		838FB4481CDA3BCF00917F90 /* MJExtensionConst.m */ = {isa = PBXFileReference; fileEncoding = 4; lastKnownFileType = sourcecode.c.objc; path = MJExtensionConst.m; sourceTree = "<group>"; };
		838FB4491CDA3BCF00917F90 /* MJFoundation.h */ = {isa = PBXFileReference; fileEncoding = 4; lastKnownFileType = sourcecode.c.h; path = MJFoundation.h; sourceTree = "<group>"; };
		838FB44A1CDA3BCF00917F90 /* MJFoundation.m */ = {isa = PBXFileReference; fileEncoding = 4; lastKnownFileType = sourcecode.c.objc; path = MJFoundation.m; sourceTree = "<group>"; };
		838FB44B1CDA3BCF00917F90 /* MJProperty.h */ = {isa = PBXFileReference; fileEncoding = 4; lastKnownFileType = sourcecode.c.h; path = MJProperty.h; sourceTree = "<group>"; };
		838FB44C1CDA3BCF00917F90 /* MJProperty.m */ = {isa = PBXFileReference; fileEncoding = 4; lastKnownFileType = sourcecode.c.objc; path = MJProperty.m; sourceTree = "<group>"; };
		838FB44D1CDA3BCF00917F90 /* MJPropertyKey.h */ = {isa = PBXFileReference; fileEncoding = 4; lastKnownFileType = sourcecode.c.h; path = MJPropertyKey.h; sourceTree = "<group>"; };
		838FB44E1CDA3BCF00917F90 /* MJPropertyKey.m */ = {isa = PBXFileReference; fileEncoding = 4; lastKnownFileType = sourcecode.c.objc; path = MJPropertyKey.m; sourceTree = "<group>"; };
		838FB44F1CDA3BCF00917F90 /* MJPropertyType.h */ = {isa = PBXFileReference; fileEncoding = 4; lastKnownFileType = sourcecode.c.h; path = MJPropertyType.h; sourceTree = "<group>"; };
		838FB4501CDA3BCF00917F90 /* MJPropertyType.m */ = {isa = PBXFileReference; fileEncoding = 4; lastKnownFileType = sourcecode.c.objc; path = MJPropertyType.m; sourceTree = "<group>"; };
		838FB4511CDA3BCF00917F90 /* NSObject+MJClass.h */ = {isa = PBXFileReference; fileEncoding = 4; lastKnownFileType = sourcecode.c.h; path = "NSObject+MJClass.h"; sourceTree = "<group>"; };
		838FB4521CDA3BCF00917F90 /* NSObject+MJClass.m */ = {isa = PBXFileReference; fileEncoding = 4; lastKnownFileType = sourcecode.c.objc; path = "NSObject+MJClass.m"; sourceTree = "<group>"; };
		838FB4531CDA3BCF00917F90 /* NSObject+MJCoding.h */ = {isa = PBXFileReference; fileEncoding = 4; lastKnownFileType = sourcecode.c.h; path = "NSObject+MJCoding.h"; sourceTree = "<group>"; };
		838FB4541CDA3BCF00917F90 /* NSObject+MJCoding.m */ = {isa = PBXFileReference; fileEncoding = 4; lastKnownFileType = sourcecode.c.objc; path = "NSObject+MJCoding.m"; sourceTree = "<group>"; };
		838FB4551CDA3BCF00917F90 /* NSObject+MJKeyValue.h */ = {isa = PBXFileReference; fileEncoding = 4; lastKnownFileType = sourcecode.c.h; path = "NSObject+MJKeyValue.h"; sourceTree = "<group>"; };
		838FB4561CDA3BCF00917F90 /* NSObject+MJKeyValue.m */ = {isa = PBXFileReference; fileEncoding = 4; lastKnownFileType = sourcecode.c.objc; path = "NSObject+MJKeyValue.m"; sourceTree = "<group>"; };
		838FB4571CDA3BCF00917F90 /* NSObject+MJProperty.h */ = {isa = PBXFileReference; fileEncoding = 4; lastKnownFileType = sourcecode.c.h; path = "NSObject+MJProperty.h"; sourceTree = "<group>"; };
		838FB4581CDA3BCF00917F90 /* NSObject+MJProperty.m */ = {isa = PBXFileReference; fileEncoding = 4; lastKnownFileType = sourcecode.c.objc; path = "NSObject+MJProperty.m"; sourceTree = "<group>"; };
		838FB4591CDA3BCF00917F90 /* NSString+MJExtension.h */ = {isa = PBXFileReference; fileEncoding = 4; lastKnownFileType = sourcecode.c.h; path = "NSString+MJExtension.h"; sourceTree = "<group>"; };
		838FB45A1CDA3BCF00917F90 /* NSString+MJExtension.m */ = {isa = PBXFileReference; fileEncoding = 4; lastKnownFileType = sourcecode.c.objc; path = "NSString+MJExtension.m"; sourceTree = "<group>"; };
		838FB45D1CDA3BCF00917F90 /* MJRefreshAutoFooter.h */ = {isa = PBXFileReference; fileEncoding = 4; lastKnownFileType = sourcecode.c.h; path = MJRefreshAutoFooter.h; sourceTree = "<group>"; };
		838FB45E1CDA3BCF00917F90 /* MJRefreshAutoFooter.m */ = {isa = PBXFileReference; fileEncoding = 4; lastKnownFileType = sourcecode.c.objc; path = MJRefreshAutoFooter.m; sourceTree = "<group>"; };
		838FB45F1CDA3BCF00917F90 /* MJRefreshBackFooter.h */ = {isa = PBXFileReference; fileEncoding = 4; lastKnownFileType = sourcecode.c.h; path = MJRefreshBackFooter.h; sourceTree = "<group>"; };
		838FB4601CDA3BCF00917F90 /* MJRefreshBackFooter.m */ = {isa = PBXFileReference; fileEncoding = 4; lastKnownFileType = sourcecode.c.objc; path = MJRefreshBackFooter.m; sourceTree = "<group>"; };
		838FB4611CDA3BCF00917F90 /* MJRefreshComponent.h */ = {isa = PBXFileReference; fileEncoding = 4; lastKnownFileType = sourcecode.c.h; path = MJRefreshComponent.h; sourceTree = "<group>"; };
		838FB4621CDA3BCF00917F90 /* MJRefreshComponent.m */ = {isa = PBXFileReference; fileEncoding = 4; lastKnownFileType = sourcecode.c.objc; path = MJRefreshComponent.m; sourceTree = "<group>"; };
		838FB4631CDA3BCF00917F90 /* MJRefreshFooter.h */ = {isa = PBXFileReference; fileEncoding = 4; lastKnownFileType = sourcecode.c.h; path = MJRefreshFooter.h; sourceTree = "<group>"; };
		838FB4641CDA3BCF00917F90 /* MJRefreshFooter.m */ = {isa = PBXFileReference; fileEncoding = 4; lastKnownFileType = sourcecode.c.objc; path = MJRefreshFooter.m; sourceTree = "<group>"; };
		838FB4651CDA3BCF00917F90 /* MJRefreshHeader.h */ = {isa = PBXFileReference; fileEncoding = 4; lastKnownFileType = sourcecode.c.h; path = MJRefreshHeader.h; sourceTree = "<group>"; };
		838FB4661CDA3BCF00917F90 /* MJRefreshHeader.m */ = {isa = PBXFileReference; fileEncoding = 4; lastKnownFileType = sourcecode.c.objc; path = MJRefreshHeader.m; sourceTree = "<group>"; };
		838FB46A1CDA3BCF00917F90 /* MJRefreshAutoGifFooter.h */ = {isa = PBXFileReference; fileEncoding = 4; lastKnownFileType = sourcecode.c.h; path = MJRefreshAutoGifFooter.h; sourceTree = "<group>"; };
		838FB46B1CDA3BCF00917F90 /* MJRefreshAutoGifFooter.m */ = {isa = PBXFileReference; fileEncoding = 4; lastKnownFileType = sourcecode.c.objc; path = MJRefreshAutoGifFooter.m; sourceTree = "<group>"; };
		838FB46C1CDA3BCF00917F90 /* MJRefreshAutoNormalFooter.h */ = {isa = PBXFileReference; fileEncoding = 4; lastKnownFileType = sourcecode.c.h; path = MJRefreshAutoNormalFooter.h; sourceTree = "<group>"; };
		838FB46D1CDA3BCF00917F90 /* MJRefreshAutoNormalFooter.m */ = {isa = PBXFileReference; fileEncoding = 4; lastKnownFileType = sourcecode.c.objc; path = MJRefreshAutoNormalFooter.m; sourceTree = "<group>"; };
		838FB46E1CDA3BCF00917F90 /* MJRefreshAutoStateFooter.h */ = {isa = PBXFileReference; fileEncoding = 4; lastKnownFileType = sourcecode.c.h; path = MJRefreshAutoStateFooter.h; sourceTree = "<group>"; };
		838FB46F1CDA3BCF00917F90 /* MJRefreshAutoStateFooter.m */ = {isa = PBXFileReference; fileEncoding = 4; lastKnownFileType = sourcecode.c.objc; path = MJRefreshAutoStateFooter.m; sourceTree = "<group>"; };
		838FB4711CDA3BCF00917F90 /* MJRefreshBackGifFooter.h */ = {isa = PBXFileReference; fileEncoding = 4; lastKnownFileType = sourcecode.c.h; path = MJRefreshBackGifFooter.h; sourceTree = "<group>"; };
		838FB4721CDA3BCF00917F90 /* MJRefreshBackGifFooter.m */ = {isa = PBXFileReference; fileEncoding = 4; lastKnownFileType = sourcecode.c.objc; path = MJRefreshBackGifFooter.m; sourceTree = "<group>"; };
		838FB4731CDA3BCF00917F90 /* MJRefreshBackNormalFooter.h */ = {isa = PBXFileReference; fileEncoding = 4; lastKnownFileType = sourcecode.c.h; path = MJRefreshBackNormalFooter.h; sourceTree = "<group>"; };
		838FB4741CDA3BCF00917F90 /* MJRefreshBackNormalFooter.m */ = {isa = PBXFileReference; fileEncoding = 4; lastKnownFileType = sourcecode.c.objc; path = MJRefreshBackNormalFooter.m; sourceTree = "<group>"; };
		838FB4751CDA3BCF00917F90 /* MJRefreshBackStateFooter.h */ = {isa = PBXFileReference; fileEncoding = 4; lastKnownFileType = sourcecode.c.h; path = MJRefreshBackStateFooter.h; sourceTree = "<group>"; };
		838FB4761CDA3BCF00917F90 /* MJRefreshBackStateFooter.m */ = {isa = PBXFileReference; fileEncoding = 4; lastKnownFileType = sourcecode.c.objc; path = MJRefreshBackStateFooter.m; sourceTree = "<group>"; };
		838FB4781CDA3BCF00917F90 /* MJRefreshGifHeader.h */ = {isa = PBXFileReference; fileEncoding = 4; lastKnownFileType = sourcecode.c.h; path = MJRefreshGifHeader.h; sourceTree = "<group>"; };
		838FB4791CDA3BCF00917F90 /* MJRefreshGifHeader.m */ = {isa = PBXFileReference; fileEncoding = 4; lastKnownFileType = sourcecode.c.objc; path = MJRefreshGifHeader.m; sourceTree = "<group>"; };
		838FB47A1CDA3BCF00917F90 /* MJRefreshNormalHeader.h */ = {isa = PBXFileReference; fileEncoding = 4; lastKnownFileType = sourcecode.c.h; path = MJRefreshNormalHeader.h; sourceTree = "<group>"; };
		838FB47B1CDA3BCF00917F90 /* MJRefreshNormalHeader.m */ = {isa = PBXFileReference; fileEncoding = 4; lastKnownFileType = sourcecode.c.objc; path = MJRefreshNormalHeader.m; sourceTree = "<group>"; };
		838FB47C1CDA3BCF00917F90 /* MJRefreshStateHeader.h */ = {isa = PBXFileReference; fileEncoding = 4; lastKnownFileType = sourcecode.c.h; path = MJRefreshStateHeader.h; sourceTree = "<group>"; };
		838FB47D1CDA3BCF00917F90 /* MJRefreshStateHeader.m */ = {isa = PBXFileReference; fileEncoding = 4; lastKnownFileType = sourcecode.c.objc; path = MJRefreshStateHeader.m; sourceTree = "<group>"; };
		838FB47E1CDA3BCF00917F90 /* MJRefresh.bundle */ = {isa = PBXFileReference; lastKnownFileType = "wrapper.plug-in"; path = MJRefresh.bundle; sourceTree = "<group>"; };
		838FB47F1CDA3BCF00917F90 /* MJRefresh.h */ = {isa = PBXFileReference; fileEncoding = 4; lastKnownFileType = sourcecode.c.h; path = MJRefresh.h; sourceTree = "<group>"; };
		838FB4801CDA3BCF00917F90 /* MJRefreshConst.h */ = {isa = PBXFileReference; fileEncoding = 4; lastKnownFileType = sourcecode.c.h; path = MJRefreshConst.h; sourceTree = "<group>"; };
		838FB4811CDA3BCF00917F90 /* MJRefreshConst.m */ = {isa = PBXFileReference; fileEncoding = 4; lastKnownFileType = sourcecode.c.objc; path = MJRefreshConst.m; sourceTree = "<group>"; };
		838FB4821CDA3BCF00917F90 /* UIScrollView+MJExtension.h */ = {isa = PBXFileReference; fileEncoding = 4; lastKnownFileType = sourcecode.c.h; path = "UIScrollView+MJExtension.h"; sourceTree = "<group>"; };
		838FB4831CDA3BCF00917F90 /* UIScrollView+MJExtension.m */ = {isa = PBXFileReference; fileEncoding = 4; lastKnownFileType = sourcecode.c.objc; path = "UIScrollView+MJExtension.m"; sourceTree = "<group>"; };
		838FB4841CDA3BCF00917F90 /* UIScrollView+MJRefresh.h */ = {isa = PBXFileReference; fileEncoding = 4; lastKnownFileType = sourcecode.c.h; path = "UIScrollView+MJRefresh.h"; sourceTree = "<group>"; };
		838FB4851CDA3BCF00917F90 /* UIScrollView+MJRefresh.m */ = {isa = PBXFileReference; fileEncoding = 4; lastKnownFileType = sourcecode.c.objc; path = "UIScrollView+MJRefresh.m"; sourceTree = "<group>"; };
		838FB4861CDA3BCF00917F90 /* UIView+MJExtension.h */ = {isa = PBXFileReference; fileEncoding = 4; lastKnownFileType = sourcecode.c.h; path = "UIView+MJExtension.h"; sourceTree = "<group>"; };
		838FB4871CDA3BCF00917F90 /* UIView+MJExtension.m */ = {isa = PBXFileReference; fileEncoding = 4; lastKnownFileType = sourcecode.c.objc; path = "UIView+MJExtension.m"; sourceTree = "<group>"; };
		838FB4891CDA3BCF00917F90 /* MKAnnotationView+WebCache.h */ = {isa = PBXFileReference; fileEncoding = 4; lastKnownFileType = sourcecode.c.h; path = "MKAnnotationView+WebCache.h"; sourceTree = "<group>"; };
		838FB48A1CDA3BCF00917F90 /* MKAnnotationView+WebCache.m */ = {isa = PBXFileReference; fileEncoding = 4; lastKnownFileType = sourcecode.c.objc; path = "MKAnnotationView+WebCache.m"; sourceTree = "<group>"; };
		838FB48B1CDA3BCF00917F90 /* NSData+ImageContentType.h */ = {isa = PBXFileReference; fileEncoding = 4; lastKnownFileType = sourcecode.c.h; path = "NSData+ImageContentType.h"; sourceTree = "<group>"; };
		838FB48C1CDA3BCF00917F90 /* NSData+ImageContentType.m */ = {isa = PBXFileReference; fileEncoding = 4; lastKnownFileType = sourcecode.c.objc; path = "NSData+ImageContentType.m"; sourceTree = "<group>"; };
		838FB48D1CDA3BCF00917F90 /* SDImageCache.h */ = {isa = PBXFileReference; fileEncoding = 4; lastKnownFileType = sourcecode.c.h; path = SDImageCache.h; sourceTree = "<group>"; };
		838FB48E1CDA3BCF00917F90 /* SDImageCache.m */ = {isa = PBXFileReference; fileEncoding = 4; lastKnownFileType = sourcecode.c.objc; path = SDImageCache.m; sourceTree = "<group>"; };
		838FB48F1CDA3BCF00917F90 /* SDWebImageCompat.h */ = {isa = PBXFileReference; fileEncoding = 4; lastKnownFileType = sourcecode.c.h; path = SDWebImageCompat.h; sourceTree = "<group>"; };
		838FB4901CDA3BCF00917F90 /* SDWebImageCompat.m */ = {isa = PBXFileReference; fileEncoding = 4; lastKnownFileType = sourcecode.c.objc; path = SDWebImageCompat.m; sourceTree = "<group>"; };
		838FB4911CDA3BCF00917F90 /* SDWebImageDecoder.h */ = {isa = PBXFileReference; fileEncoding = 4; lastKnownFileType = sourcecode.c.h; path = SDWebImageDecoder.h; sourceTree = "<group>"; };
		838FB4921CDA3BCF00917F90 /* SDWebImageDecoder.m */ = {isa = PBXFileReference; fileEncoding = 4; lastKnownFileType = sourcecode.c.objc; path = SDWebImageDecoder.m; sourceTree = "<group>"; };
		838FB4931CDA3BCF00917F90 /* SDWebImageDownloader.h */ = {isa = PBXFileReference; fileEncoding = 4; lastKnownFileType = sourcecode.c.h; path = SDWebImageDownloader.h; sourceTree = "<group>"; };
		838FB4941CDA3BCF00917F90 /* SDWebImageDownloader.m */ = {isa = PBXFileReference; fileEncoding = 4; lastKnownFileType = sourcecode.c.objc; path = SDWebImageDownloader.m; sourceTree = "<group>"; };
		838FB4951CDA3BCF00917F90 /* SDWebImageDownloaderOperation.h */ = {isa = PBXFileReference; fileEncoding = 4; lastKnownFileType = sourcecode.c.h; path = SDWebImageDownloaderOperation.h; sourceTree = "<group>"; };
		838FB4961CDA3BCF00917F90 /* SDWebImageDownloaderOperation.m */ = {isa = PBXFileReference; fileEncoding = 4; lastKnownFileType = sourcecode.c.objc; path = SDWebImageDownloaderOperation.m; sourceTree = "<group>"; };
		838FB4971CDA3BCF00917F90 /* SDWebImageManager.h */ = {isa = PBXFileReference; fileEncoding = 4; lastKnownFileType = sourcecode.c.h; path = SDWebImageManager.h; sourceTree = "<group>"; };
		838FB4981CDA3BCF00917F90 /* SDWebImageManager.m */ = {isa = PBXFileReference; fileEncoding = 4; lastKnownFileType = sourcecode.c.objc; path = SDWebImageManager.m; sourceTree = "<group>"; };
		838FB4991CDA3BCF00917F90 /* SDWebImageOperation.h */ = {isa = PBXFileReference; fileEncoding = 4; lastKnownFileType = sourcecode.c.h; path = SDWebImageOperation.h; sourceTree = "<group>"; };
		838FB49A1CDA3BCF00917F90 /* SDWebImagePrefetcher.h */ = {isa = PBXFileReference; fileEncoding = 4; lastKnownFileType = sourcecode.c.h; path = SDWebImagePrefetcher.h; sourceTree = "<group>"; };
		838FB49B1CDA3BCF00917F90 /* SDWebImagePrefetcher.m */ = {isa = PBXFileReference; fileEncoding = 4; lastKnownFileType = sourcecode.c.objc; path = SDWebImagePrefetcher.m; sourceTree = "<group>"; };
		838FB49C1CDA3BCF00917F90 /* UIButton+WebCache.h */ = {isa = PBXFileReference; fileEncoding = 4; lastKnownFileType = sourcecode.c.h; path = "UIButton+WebCache.h"; sourceTree = "<group>"; };
		838FB49D1CDA3BCF00917F90 /* UIButton+WebCache.m */ = {isa = PBXFileReference; fileEncoding = 4; lastKnownFileType = sourcecode.c.objc; path = "UIButton+WebCache.m"; sourceTree = "<group>"; };
		838FB49E1CDA3BCF00917F90 /* UIImage+GIF.h */ = {isa = PBXFileReference; fileEncoding = 4; lastKnownFileType = sourcecode.c.h; path = "UIImage+GIF.h"; sourceTree = "<group>"; };
		838FB49F1CDA3BCF00917F90 /* UIImage+GIF.m */ = {isa = PBXFileReference; fileEncoding = 4; lastKnownFileType = sourcecode.c.objc; path = "UIImage+GIF.m"; sourceTree = "<group>"; };
		838FB4A01CDA3BCF00917F90 /* UIImage+MultiFormat.h */ = {isa = PBXFileReference; fileEncoding = 4; lastKnownFileType = sourcecode.c.h; path = "UIImage+MultiFormat.h"; sourceTree = "<group>"; };
		838FB4A11CDA3BCF00917F90 /* UIImage+MultiFormat.m */ = {isa = PBXFileReference; fileEncoding = 4; lastKnownFileType = sourcecode.c.objc; path = "UIImage+MultiFormat.m"; sourceTree = "<group>"; };
		838FB4A21CDA3BCF00917F90 /* UIImage+WebP.h */ = {isa = PBXFileReference; fileEncoding = 4; lastKnownFileType = sourcecode.c.h; path = "UIImage+WebP.h"; sourceTree = "<group>"; };
		838FB4A31CDA3BCF00917F90 /* UIImage+WebP.m */ = {isa = PBXFileReference; fileEncoding = 4; lastKnownFileType = sourcecode.c.objc; path = "UIImage+WebP.m"; sourceTree = "<group>"; };
		838FB4A41CDA3BCF00917F90 /* UIImageView+HighlightedWebCache.h */ = {isa = PBXFileReference; fileEncoding = 4; lastKnownFileType = sourcecode.c.h; path = "UIImageView+HighlightedWebCache.h"; sourceTree = "<group>"; };
		838FB4A51CDA3BCF00917F90 /* UIImageView+HighlightedWebCache.m */ = {isa = PBXFileReference; fileEncoding = 4; lastKnownFileType = sourcecode.c.objc; path = "UIImageView+HighlightedWebCache.m"; sourceTree = "<group>"; };
		838FB4A61CDA3BCF00917F90 /* UIImageView+WebCache.h */ = {isa = PBXFileReference; fileEncoding = 4; lastKnownFileType = sourcecode.c.h; path = "UIImageView+WebCache.h"; sourceTree = "<group>"; };
		838FB4A71CDA3BCF00917F90 /* UIImageView+WebCache.m */ = {isa = PBXFileReference; fileEncoding = 4; lastKnownFileType = sourcecode.c.objc; path = "UIImageView+WebCache.m"; sourceTree = "<group>"; };
		838FB4A81CDA3BCF00917F90 /* UIView+WebCacheOperation.h */ = {isa = PBXFileReference; fileEncoding = 4; lastKnownFileType = sourcecode.c.h; path = "UIView+WebCacheOperation.h"; sourceTree = "<group>"; };
		838FB4A91CDA3BCF00917F90 /* UIView+WebCacheOperation.m */ = {isa = PBXFileReference; fileEncoding = 4; lastKnownFileType = sourcecode.c.objc; path = "UIView+WebCacheOperation.m"; sourceTree = "<group>"; };
		838FB4AB1CDA3BCF00917F90 /* SVIndefiniteAnimatedView.h */ = {isa = PBXFileReference; fileEncoding = 4; lastKnownFileType = sourcecode.c.h; path = SVIndefiniteAnimatedView.h; sourceTree = "<group>"; };
		838FB4AC1CDA3BCF00917F90 /* SVIndefiniteAnimatedView.m */ = {isa = PBXFileReference; fileEncoding = 4; lastKnownFileType = sourcecode.c.objc; path = SVIndefiniteAnimatedView.m; sourceTree = "<group>"; };
		838FB4AD1CDA3BCF00917F90 /* SVProgressHUD.bundle */ = {isa = PBXFileReference; lastKnownFileType = "wrapper.plug-in"; path = SVProgressHUD.bundle; sourceTree = "<group>"; };
		838FB4AE1CDA3BCF00917F90 /* SVProgressHUD.h */ = {isa = PBXFileReference; fileEncoding = 4; lastKnownFileType = sourcecode.c.h; path = SVProgressHUD.h; sourceTree = "<group>"; };
		838FB4AF1CDA3BCF00917F90 /* SVProgressHUD.m */ = {isa = PBXFileReference; fileEncoding = 4; lastKnownFileType = sourcecode.c.objc; path = SVProgressHUD.m; sourceTree = "<group>"; };
		838FB4E61CDA3C8200917F90 /* Foundation+Log.m */ = {isa = PBXFileReference; fileEncoding = 4; lastKnownFileType = sourcecode.c.objc; path = "Foundation+Log.m"; sourceTree = "<group>"; };
		838FB4E81CDA43C000917F90 /* LCKRecommendCategory.h */ = {isa = PBXFileReference; fileEncoding = 4; lastKnownFileType = sourcecode.c.h; path = LCKRecommendCategory.h; sourceTree = "<group>"; };
		838FB4E91CDA43C000917F90 /* LCKRecommendCategory.m */ = {isa = PBXFileReference; fileEncoding = 4; lastKnownFileType = sourcecode.c.objc; path = LCKRecommendCategory.m; sourceTree = "<group>"; };
		838FB4EB1CDA472700917F90 /* LCKRecommendCategoryCell.h */ = {isa = PBXFileReference; fileEncoding = 4; lastKnownFileType = sourcecode.c.h; path = LCKRecommendCategoryCell.h; sourceTree = "<group>"; };
		838FB4EC1CDA472700917F90 /* LCKRecommendCategoryCell.m */ = {isa = PBXFileReference; fileEncoding = 4; lastKnownFileType = sourcecode.c.objc; path = LCKRecommendCategoryCell.m; sourceTree = "<group>"; };
		838FB4ED1CDA472700917F90 /* LCKRecommendCategoryCell.xib */ = {isa = PBXFileReference; fileEncoding = 4; lastKnownFileType = file.xib; path = LCKRecommendCategoryCell.xib; sourceTree = "<group>"; };
		83AD49DF1CDA312500B1A884 /* LCKRecommendViewController.h */ = {isa = PBXFileReference; fileEncoding = 4; lastKnownFileType = sourcecode.c.h; path = LCKRecommendViewController.h; sourceTree = "<group>"; };
		83AD49E01CDA312500B1A884 /* LCKRecommendViewController.m */ = {isa = PBXFileReference; fileEncoding = 4; lastKnownFileType = sourcecode.c.objc; path = LCKRecommendViewController.m; sourceTree = "<group>"; };
		83AD49E11CDA312500B1A884 /* LCKRecommendViewController.xib */ = {isa = PBXFileReference; fileEncoding = 4; lastKnownFileType = file.xib; path = LCKRecommendViewController.xib; sourceTree = "<group>"; };
		83AEE0671CDAE040002E9C63 /* LCKRecommendUserCell.h */ = {isa = PBXFileReference; fileEncoding = 4; lastKnownFileType = sourcecode.c.h; path = LCKRecommendUserCell.h; sourceTree = "<group>"; };
		83AEE0681CDAE040002E9C63 /* LCKRecommendUserCell.m */ = {isa = PBXFileReference; fileEncoding = 4; lastKnownFileType = sourcecode.c.objc; path = LCKRecommendUserCell.m; sourceTree = "<group>"; };
		83AEE0691CDAE040002E9C63 /* LCKRecommendUserCell.xib */ = {isa = PBXFileReference; fileEncoding = 4; lastKnownFileType = file.xib; path = LCKRecommendUserCell.xib; sourceTree = "<group>"; };
		83AEE06C1CDAE81A002E9C63 /* LCKRecommendUser.h */ = {isa = PBXFileReference; fileEncoding = 4; lastKnownFileType = sourcecode.c.h; path = LCKRecommendUser.h; sourceTree = "<group>"; };
		83AEE06D1CDAE81A002E9C63 /* LCKRecommendUser.m */ = {isa = PBXFileReference; fileEncoding = 4; lastKnownFileType = sourcecode.c.objc; path = LCKRecommendUser.m; sourceTree = "<group>"; };
		83B3A1291CDEC7C000773786 /* LCKPushGuideView.h */ = {isa = PBXFileReference; fileEncoding = 4; lastKnownFileType = sourcecode.c.h; path = LCKPushGuideView.h; sourceTree = "<group>"; };
		83B3A12A1CDEC7C000773786 /* LCKPushGuideView.m */ = {isa = PBXFileReference; fileEncoding = 4; lastKnownFileType = sourcecode.c.objc; path = LCKPushGuideView.m; sourceTree = "<group>"; };
		83B3A12C1CDEC7DA00773786 /* LCKPushGuideView.xib */ = {isa = PBXFileReference; fileEncoding = 4; lastKnownFileType = file.xib; path = LCKPushGuideView.xib; sourceTree = "<group>"; };
		83B3A13D1CDF4BFD00773786 /* LCKTopic.h */ = {isa = PBXFileReference; fileEncoding = 4; lastKnownFileType = sourcecode.c.h; path = LCKTopic.h; sourceTree = "<group>"; };
		83B3A13E1CDF4BFD00773786 /* LCKTopic.m */ = {isa = PBXFileReference; fileEncoding = 4; lastKnownFileType = sourcecode.c.objc; path = LCKTopic.m; sourceTree = "<group>"; };
		83C99A6B1CDE13DB00FC5638 /* LCKLoginRegisterViewController.h */ = {isa = PBXFileReference; fileEncoding = 4; lastKnownFileType = sourcecode.c.h; path = LCKLoginRegisterViewController.h; sourceTree = "<group>"; };
		83C99A6C1CDE13DB00FC5638 /* LCKLoginRegisterViewController.m */ = {isa = PBXFileReference; fileEncoding = 4; lastKnownFileType = sourcecode.c.objc; path = LCKLoginRegisterViewController.m; sourceTree = "<group>"; };
		83C99A6D1CDE13DB00FC5638 /* LCKLoginRegisterViewController.xib */ = {isa = PBXFileReference; fileEncoding = 4; lastKnownFileType = file.xib; path = LCKLoginRegisterViewController.xib; sourceTree = "<group>"; };
		83C99A701CDE2C5400FC5638 /* LCKVerticalButton.h */ = {isa = PBXFileReference; fileEncoding = 4; lastKnownFileType = sourcecode.c.h; path = LCKVerticalButton.h; sourceTree = "<group>"; };
		83C99A711CDE2C5400FC5638 /* LCKVerticalButton.m */ = {isa = PBXFileReference; fileEncoding = 4; lastKnownFileType = sourcecode.c.objc; path = LCKVerticalButton.m; sourceTree = "<group>"; };
		83C99A731CDE3E6200FC5638 /* LCKTextField.h */ = {isa = PBXFileReference; fileEncoding = 4; lastKnownFileType = sourcecode.c.h; path = LCKTextField.h; sourceTree = "<group>"; };
		83C99A741CDE3E6200FC5638 /* LCKTextField.m */ = {isa = PBXFileReference; fileEncoding = 4; lastKnownFileType = sourcecode.c.objc; path = LCKTextField.m; sourceTree = "<group>"; };
		83D907B41CE17BF60091F278 /* LCKPublishViewController.h */ = {isa = PBXFileReference; fileEncoding = 4; lastKnownFileType = sourcecode.c.h; path = LCKPublishViewController.h; sourceTree = "<group>"; };
		83D907B51CE17BF60091F278 /* LCKPublishViewController.m */ = {isa = PBXFileReference; fileEncoding = 4; lastKnownFileType = sourcecode.c.objc; path = LCKPublishViewController.m; sourceTree = "<group>"; };
		83D907B61CE17BF60091F278 /* LCKPublishViewController.xib */ = {isa = PBXFileReference; fileEncoding = 4; lastKnownFileType = file.xib; path = LCKPublishViewController.xib; sourceTree = "<group>"; };
		83DB8F7B1CDB805700A22D75 /* LCKRecommendTagViewController.h */ = {isa = PBXFileReference; fileEncoding = 4; lastKnownFileType = sourcecode.c.h; path = LCKRecommendTagViewController.h; sourceTree = "<group>"; };
		83DB8F7C1CDB805700A22D75 /* LCKRecommendTagViewController.m */ = {isa = PBXFileReference; fileEncoding = 4; lastKnownFileType = sourcecode.c.objc; path = LCKRecommendTagViewController.m; sourceTree = "<group>"; };
		83DB8F7E1CDB855700A22D75 /* LCKRecommendTags.h */ = {isa = PBXFileReference; fileEncoding = 4; lastKnownFileType = sourcecode.c.h; path = LCKRecommendTags.h; sourceTree = "<group>"; };
		83DB8F7F1CDB855700A22D75 /* LCKRecommendTags.m */ = {isa = PBXFileReference; fileEncoding = 4; lastKnownFileType = sourcecode.c.objc; path = LCKRecommendTags.m; sourceTree = "<group>"; };
		83DB8F811CDB8CDC00A22D75 /* LCKRecommendTagViewCell.h */ = {isa = PBXFileReference; fileEncoding = 4; lastKnownFileType = sourcecode.c.h; path = LCKRecommendTagViewCell.h; sourceTree = "<group>"; };
		83DB8F821CDB8CDC00A22D75 /* LCKRecommendTagViewCell.m */ = {isa = PBXFileReference; fileEncoding = 4; lastKnownFileType = sourcecode.c.objc; path = LCKRecommendTagViewCell.m; sourceTree = "<group>"; };
		83DB8F831CDB8CDC00A22D75 /* LCKRecommendTagViewCell.xib */ = {isa = PBXFileReference; fileEncoding = 4; lastKnownFileType = file.xib; path = LCKRecommendTagViewCell.xib; sourceTree = "<group>"; };
/* End PBXFileReference section */

/* Begin PBXFrameworksBuildPhase section */
		8323934C1CD979F700F5A511 /* Frameworks */ = {
			isa = PBXFrameworksBuildPhase;
			buildActionMask = 2147483647;
			files = (
			);
			runOnlyForDeploymentPostprocessing = 0;
		};
		832393651CD979F800F5A511 /* Frameworks */ = {
			isa = PBXFrameworksBuildPhase;
			buildActionMask = 2147483647;
			files = (
			);
			runOnlyForDeploymentPostprocessing = 0;
		};
		832393701CD979F800F5A511 /* Frameworks */ = {
			isa = PBXFrameworksBuildPhase;
			buildActionMask = 2147483647;
			files = (
			);
			runOnlyForDeploymentPostprocessing = 0;
		};
/* End PBXFrameworksBuildPhase section */

/* Begin PBXGroup section */
		83022CB71CE0BA1000BCC710 /* DACircularProgress */ = {
			isa = PBXGroup;
			children = (
				83022CB81CE0BA1000BCC710 /* DACircularProgressView.h */,
				83022CB91CE0BA1000BCC710 /* DACircularProgressView.m */,
				83022CBA1CE0BA1000BCC710 /* DALabeledCircularProgressView.h */,
				83022CBB1CE0BA1000BCC710 /* DALabeledCircularProgressView.m */,
			);
			path = DACircularProgress;
			sourceTree = "<group>";
		};
		832393461CD979F600F5A511 = {
			isa = PBXGroup;
			children = (
				832393511CD979F700F5A511 /* 百思不得骑姐 */,
				8323936B1CD979F800F5A511 /* 百思不得骑姐Tests */,
				832393761CD979F800F5A511 /* 百思不得骑姐UITests */,
				832393501CD979F700F5A511 /* Products */,
			);
			sourceTree = "<group>";
		};
		832393501CD979F700F5A511 /* Products */ = {
			isa = PBXGroup;
			children = (
				8323934F1CD979F700F5A511 /* 百思不得骑姐.app */,
				832393681CD979F800F5A511 /* 百思不得骑姐Tests.xctest */,
				832393731CD979F800F5A511 /* 百思不得骑姐UITests.xctest */,
			);
			name = Products;
			sourceTree = "<group>";
		};
		832393511CD979F700F5A511 /* 百思不得骑姐 */ = {
			isa = PBXGroup;
			children = (
				838FB4361CDA3BCF00917F90 /* Pods */,
				832393DF1CD9D8A100F5A511 /* Class */,
				832393521CD979F700F5A511 /* Supporting Files */,
			);
			path = "百思不得骑姐";
			sourceTree = "<group>";
		};
		832393521CD979F700F5A511 /* Supporting Files */ = {
			isa = PBXGroup;
			children = (
				8323935E1CD979F800F5A511 /* Assets.xcassets */,
				832394181CD9D8EE00F5A511 /* PrefixHeader.pch */,
				832393631CD979F800F5A511 /* Info.plist */,
			);
			name = "Supporting Files";
			sourceTree = "<group>";
		};
		8323936B1CD979F800F5A511 /* 百思不得骑姐Tests */ = {
			isa = PBXGroup;
			children = (
				8323936C1CD979F800F5A511 /* ______Tests.m */,
				8323936E1CD979F800F5A511 /* Info.plist */,
			);
			path = "百思不得骑姐Tests";
			sourceTree = "<group>";
		};
		832393761CD979F800F5A511 /* 百思不得骑姐UITests */ = {
			isa = PBXGroup;
			children = (
				832393771CD979F800F5A511 /* ______UITests.m */,
				832393791CD979F800F5A511 /* Info.plist */,
			);
			path = "百思不得骑姐UITests";
			sourceTree = "<group>";
		};
		832393DF1CD9D8A100F5A511 /* Class */ = {
			isa = PBXGroup;
			children = (
				832393EC1CD9D8A100F5A511 /* Main */,
				832393E01CD9D8A100F5A511 /* Essence */,
				832393E61CD9D8A100F5A511 /* FriendTrends */,
				8323940A1CD9D8A100F5A511 /* Publish */,
				832393EF1CD9D8A100F5A511 /* Me */,
				832393F51CD9D8A100F5A511 /* New */,
				832393FB1CD9D8A100F5A511 /* Other */,
			);
			path = Class;
			sourceTree = "<group>";
		};
		832393E01CD9D8A100F5A511 /* Essence */ = {
			isa = PBXGroup;
			children = (
				832393E11CD9D8A100F5A511 /* Controller */,
				832393E41CD9D8A100F5A511 /* Model */,
				832393E51CD9D8A100F5A511 /* View */,
			);
			path = Essence;
			sourceTree = "<group>";
		};
		832393E11CD9D8A100F5A511 /* Controller */ = {
			isa = PBXGroup;
			children = (
				832393E21CD9D8A100F5A511 /* LCKEssenceViewController.h */,
				832393E31CD9D8A100F5A511 /* LCKEssenceViewController.m */,
				83DB8F7B1CDB805700A22D75 /* LCKRecommendTagViewController.h */,
				83DB8F7C1CDB805700A22D75 /* LCKRecommendTagViewController.m */,
				83022CA91CE03F1000BCC710 /* LCKTopicViewController.h */,
				83022CAA1CE03F1000BCC710 /* LCKTopicViewController.m */,
				83022CBE1CE0BC2B00BCC710 /* LCKShowPictureController.h */,
				83022CBF1CE0BC2B00BCC710 /* LCKShowPictureController.m */,
				83022CC01CE0BC2B00BCC710 /* LCKShowPictureController.xib */,
			);
			path = Controller;
			sourceTree = "<group>";
		};
		832393E41CD9D8A100F5A511 /* Model */ = {
			isa = PBXGroup;
			children = (
				83DB8F7E1CDB855700A22D75 /* LCKRecommendTags.h */,
				83DB8F7F1CDB855700A22D75 /* LCKRecommendTags.m */,
				83B3A13D1CDF4BFD00773786 /* LCKTopic.h */,
				83B3A13E1CDF4BFD00773786 /* LCKTopic.m */,
			);
			path = Model;
			sourceTree = "<group>";
		};
		832393E51CD9D8A100F5A511 /* View */ = {
			isa = PBXGroup;
			children = (
				83DB8F811CDB8CDC00A22D75 /* LCKRecommendTagViewCell.h */,
				83DB8F821CDB8CDC00A22D75 /* LCKRecommendTagViewCell.m */,
				83DB8F831CDB8CDC00A22D75 /* LCKRecommendTagViewCell.xib */,
				8314E3471CDF88DF00706C8F /* LCKTopicCell.h */,
				8314E3481CDF88DF00706C8F /* LCKTopicCell.m */,
				8314E3491CDF88DF00706C8F /* LCKTopicCell.xib */,
				83022CAC1CE096D200BCC710 /* LCKTopicPictureView.h */,
				83022CAD1CE096D200BCC710 /* LCKTopicPictureView.m */,
				83022CAF1CE096F900BCC710 /* LCKTopicPictureView.xib */,
				83022CB11CE0B8F700BCC710 /* LCKProgressView.h */,
				83022CB21CE0B8F700BCC710 /* LCKProgressView.m */,
				833303D21CE230690025587B /* LCKTopicVoiceView.h */,
				833303D31CE230690025587B /* LCKTopicVoiceView.m */,
				833303D51CE230800025587B /* LCKTopicVoiceView.xib */,
			);
			path = View;
			sourceTree = "<group>";
		};
		832393E61CD9D8A100F5A511 /* FriendTrends */ = {
			isa = PBXGroup;
			children = (
				832393E71CD9D8A100F5A511 /* Controller */,
				832393EA1CD9D8A100F5A511 /* Model */,
				832393EB1CD9D8A100F5A511 /* View */,
			);
			path = FriendTrends;
			sourceTree = "<group>";
		};
		832393E71CD9D8A100F5A511 /* Controller */ = {
			isa = PBXGroup;
			children = (
				832393E81CD9D8A100F5A511 /* LCKFriendTrendsViewController.h */,
				832393E91CD9D8A100F5A511 /* LCKFriendTrendsViewController.m */,
				832394211CDA0A8300F5A511 /* LCKFriendTrendsViewController.xib */,
				83AD49DF1CDA312500B1A884 /* LCKRecommendViewController.h */,
				83AD49E01CDA312500B1A884 /* LCKRecommendViewController.m */,
				83AD49E11CDA312500B1A884 /* LCKRecommendViewController.xib */,
				83C99A6B1CDE13DB00FC5638 /* LCKLoginRegisterViewController.h */,
				83C99A6C1CDE13DB00FC5638 /* LCKLoginRegisterViewController.m */,
				83C99A6D1CDE13DB00FC5638 /* LCKLoginRegisterViewController.xib */,
			);
			path = Controller;
			sourceTree = "<group>";
		};
		832393EA1CD9D8A100F5A511 /* Model */ = {
			isa = PBXGroup;
			children = (
				838FB4E81CDA43C000917F90 /* LCKRecommendCategory.h */,
				838FB4E91CDA43C000917F90 /* LCKRecommendCategory.m */,
				83AEE06C1CDAE81A002E9C63 /* LCKRecommendUser.h */,
				83AEE06D1CDAE81A002E9C63 /* LCKRecommendUser.m */,
			);
			path = Model;
			sourceTree = "<group>";
		};
		832393EB1CD9D8A100F5A511 /* View */ = {
			isa = PBXGroup;
			children = (
				838FB4EB1CDA472700917F90 /* LCKRecommendCategoryCell.h */,
				838FB4EC1CDA472700917F90 /* LCKRecommendCategoryCell.m */,
				838FB4ED1CDA472700917F90 /* LCKRecommendCategoryCell.xib */,
				83AEE0671CDAE040002E9C63 /* LCKRecommendUserCell.h */,
				83AEE0681CDAE040002E9C63 /* LCKRecommendUserCell.m */,
				83AEE0691CDAE040002E9C63 /* LCKRecommendUserCell.xib */,
				83C99A701CDE2C5400FC5638 /* LCKVerticalButton.h */,
				83C99A711CDE2C5400FC5638 /* LCKVerticalButton.m */,
				83C99A731CDE3E6200FC5638 /* LCKTextField.h */,
				83C99A741CDE3E6200FC5638 /* LCKTextField.m */,
			);
			path = View;
			sourceTree = "<group>";
		};
		832393EC1CD9D8A100F5A511 /* Main */ = {
			isa = PBXGroup;
			children = (
				832393ED1CD9D8A100F5A511 /* AppDelegate.h */,
				832393EE1CD9D8A100F5A511 /* AppDelegate.m */,
			);
			path = Main;
			sourceTree = "<group>";
		};
		832393EF1CD9D8A100F5A511 /* Me */ = {
			isa = PBXGroup;
			children = (
				832393F01CD9D8A100F5A511 /* Controller */,
				832393F31CD9D8A100F5A511 /* Model */,
				832393F41CD9D8A100F5A511 /* View */,
			);
			path = Me;
			sourceTree = "<group>";
		};
		832393F01CD9D8A100F5A511 /* Controller */ = {
			isa = PBXGroup;
			children = (
				832393F11CD9D8A100F5A511 /* LCKMeViewController.h */,
				832393F21CD9D8A100F5A511 /* LCKMeViewController.m */,
			);
			path = Controller;
			sourceTree = "<group>";
		};
		832393F31CD9D8A100F5A511 /* Model */ = {
			isa = PBXGroup;
			children = (
			);
			path = Model;
			sourceTree = "<group>";
		};
		832393F41CD9D8A100F5A511 /* View */ = {
			isa = PBXGroup;
			children = (
			);
			path = View;
			sourceTree = "<group>";
		};
		832393F51CD9D8A100F5A511 /* New */ = {
			isa = PBXGroup;
			children = (
				832393F61CD9D8A100F5A511 /* Controller */,
				832393F91CD9D8A100F5A511 /* Model */,
				832393FA1CD9D8A100F5A511 /* View */,
			);
			path = New;
			sourceTree = "<group>";
		};
		832393F61CD9D8A100F5A511 /* Controller */ = {
			isa = PBXGroup;
			children = (
				832393F71CD9D8A100F5A511 /* LCKNewViewController.h */,
				832393F81CD9D8A100F5A511 /* LCKNewViewController.m */,
			);
			path = Controller;
			sourceTree = "<group>";
		};
		832393F91CD9D8A100F5A511 /* Model */ = {
			isa = PBXGroup;
			children = (
			);
			path = Model;
			sourceTree = "<group>";
		};
		832393FA1CD9D8A100F5A511 /* View */ = {
			isa = PBXGroup;
			children = (
			);
			path = View;
			sourceTree = "<group>";
		};
		832393FB1CD9D8A100F5A511 /* Other */ = {
			isa = PBXGroup;
			children = (
				832393FC1CD9D8A100F5A511 /* Category */,
				832394011CD9D8A100F5A511 /* Controller */,
				832394041CD9D8A100F5A511 /* main.m */,
				832394051CD9D8A100F5A511 /* Model */,
				832394071CD9D8A100F5A511 /* View */,
				8314E3441CDF7E1700706C8F /* LCKConst.h */,
				8314E3451CDF7E1700706C8F /* LCKConst.m */,
			);
			path = Other;
			sourceTree = "<group>";
		};
		832393FC1CD9D8A100F5A511 /* Category */ = {
			isa = PBXGroup;
			children = (
				83022CA61CE0312600BCC710 /* NSDate+XMGExtension.h */,
				83022CA71CE0312600BCC710 /* NSDate+XMGExtension.m */,
				838FB4E61CDA3C8200917F90 /* Foundation+Log.m */,
				832393FD1CD9D8A100F5A511 /* UIBarButtonItem+LCKExtention.h */,
				832393FE1CD9D8A100F5A511 /* UIBarButtonItem+LCKExtention.m */,
				832393FF1CD9D8A100F5A511 /* UIView+LCKExtention.h */,
				832394001CD9D8A100F5A511 /* UIView+LCKExtention.m */,
			);
			path = Category;
			sourceTree = "<group>";
		};
		832394011CD9D8A100F5A511 /* Controller */ = {
			isa = PBXGroup;
			children = (
				832394021CD9D8A100F5A511 /* LCKtabBarController.h */,
				832394031CD9D8A100F5A511 /* LCKtabBarController.m */,
				832394191CD9E1DC00F5A511 /* LCKNavigationController.h */,
				8323941A1CD9E1DC00F5A511 /* LCKNavigationController.m */,
			);
			path = Controller;
			sourceTree = "<group>";
		};
		832394051CD9D8A100F5A511 /* Model */ = {
			isa = PBXGroup;
			children = (
			);
			path = Model;
			sourceTree = "<group>";
		};
		832394071CD9D8A100F5A511 /* View */ = {
			isa = PBXGroup;
			children = (
				832394081CD9D8A100F5A511 /* LCKTabBar.h */,
				832394091CD9D8A100F5A511 /* LCKTabBar.m */,
				83B3A1291CDEC7C000773786 /* LCKPushGuideView.h */,
				83B3A12A1CDEC7C000773786 /* LCKPushGuideView.m */,
				83B3A12C1CDEC7DA00773786 /* LCKPushGuideView.xib */,
			);
			path = View;
			sourceTree = "<group>";
		};
		8323940A1CD9D8A100F5A511 /* Publish */ = {
			isa = PBXGroup;
			children = (
				8323940B1CD9D8A100F5A511 /* Controller */,
				8323940C1CD9D8A100F5A511 /* Model */,
				8323940D1CD9D8A100F5A511 /* View */,
			);
			path = Publish;
			sourceTree = "<group>";
		};
		8323940B1CD9D8A100F5A511 /* Controller */ = {
			isa = PBXGroup;
			children = (
				83D907B41CE17BF60091F278 /* LCKPublishViewController.h */,
				83D907B51CE17BF60091F278 /* LCKPublishViewController.m */,
				83D907B61CE17BF60091F278 /* LCKPublishViewController.xib */,
			);
			path = Controller;
			sourceTree = "<group>";
		};
		8323940C1CD9D8A100F5A511 /* Model */ = {
			isa = PBXGroup;
			children = (
			);
			path = Model;
			sourceTree = "<group>";
		};
		8323940D1CD9D8A100F5A511 /* View */ = {
			isa = PBXGroup;
			children = (
			);
			path = View;
			sourceTree = "<group>";
		};
		838FB4361CDA3BCF00917F90 /* Pods */ = {
			isa = PBXGroup;
			children = (
				83022CB71CE0BA1000BCC710 /* DACircularProgress */,
				838FB4371CDA3BCF00917F90 /* AFNetworking */,
				838FB4451CDA3BCF00917F90 /* MJExtension */,
				838FB45B1CDA3BCF00917F90 /* MJRefresh */,
				838FB4881CDA3BCF00917F90 /* SDWebImage */,
				838FB4AA1CDA3BCF00917F90 /* SVProgressHUD */,
			);
			path = Pods;
			sourceTree = "<group>";
		};
		838FB4371CDA3BCF00917F90 /* AFNetworking */ = {
			isa = PBXGroup;
			children = (
				838FB4381CDA3BCF00917F90 /* AFHTTPSessionManager.h */,
				838FB4391CDA3BCF00917F90 /* AFHTTPSessionManager.m */,
				838FB43A1CDA3BCF00917F90 /* AFNetworking.h */,
				838FB43B1CDA3BCF00917F90 /* AFNetworkReachabilityManager.h */,
				838FB43C1CDA3BCF00917F90 /* AFNetworkReachabilityManager.m */,
				838FB43D1CDA3BCF00917F90 /* AFSecurityPolicy.h */,
				838FB43E1CDA3BCF00917F90 /* AFSecurityPolicy.m */,
				838FB43F1CDA3BCF00917F90 /* AFURLRequestSerialization.h */,
				838FB4401CDA3BCF00917F90 /* AFURLRequestSerialization.m */,
				838FB4411CDA3BCF00917F90 /* AFURLResponseSerialization.h */,
				838FB4421CDA3BCF00917F90 /* AFURLResponseSerialization.m */,
				838FB4431CDA3BCF00917F90 /* AFURLSessionManager.h */,
				838FB4441CDA3BCF00917F90 /* AFURLSessionManager.m */,
			);
			path = AFNetworking;
			sourceTree = "<group>";
		};
		838FB4451CDA3BCF00917F90 /* MJExtension */ = {
			isa = PBXGroup;
			children = (
				838FB4461CDA3BCF00917F90 /* MJExtension.h */,
				838FB4471CDA3BCF00917F90 /* MJExtensionConst.h */,
				838FB4481CDA3BCF00917F90 /* MJExtensionConst.m */,
				838FB4491CDA3BCF00917F90 /* MJFoundation.h */,
				838FB44A1CDA3BCF00917F90 /* MJFoundation.m */,
				838FB44B1CDA3BCF00917F90 /* MJProperty.h */,
				838FB44C1CDA3BCF00917F90 /* MJProperty.m */,
				838FB44D1CDA3BCF00917F90 /* MJPropertyKey.h */,
				838FB44E1CDA3BCF00917F90 /* MJPropertyKey.m */,
				838FB44F1CDA3BCF00917F90 /* MJPropertyType.h */,
				838FB4501CDA3BCF00917F90 /* MJPropertyType.m */,
				838FB4511CDA3BCF00917F90 /* NSObject+MJClass.h */,
				838FB4521CDA3BCF00917F90 /* NSObject+MJClass.m */,
				838FB4531CDA3BCF00917F90 /* NSObject+MJCoding.h */,
				838FB4541CDA3BCF00917F90 /* NSObject+MJCoding.m */,
				838FB4551CDA3BCF00917F90 /* NSObject+MJKeyValue.h */,
				838FB4561CDA3BCF00917F90 /* NSObject+MJKeyValue.m */,
				838FB4571CDA3BCF00917F90 /* NSObject+MJProperty.h */,
				838FB4581CDA3BCF00917F90 /* NSObject+MJProperty.m */,
				838FB4591CDA3BCF00917F90 /* NSString+MJExtension.h */,
				838FB45A1CDA3BCF00917F90 /* NSString+MJExtension.m */,
			);
			path = MJExtension;
			sourceTree = "<group>";
		};
		838FB45B1CDA3BCF00917F90 /* MJRefresh */ = {
			isa = PBXGroup;
			children = (
				838FB45C1CDA3BCF00917F90 /* Base */,
				838FB4671CDA3BCF00917F90 /* Custom */,
				838FB47E1CDA3BCF00917F90 /* MJRefresh.bundle */,
				838FB47F1CDA3BCF00917F90 /* MJRefresh.h */,
				838FB4801CDA3BCF00917F90 /* MJRefreshConst.h */,
				838FB4811CDA3BCF00917F90 /* MJRefreshConst.m */,
				838FB4821CDA3BCF00917F90 /* UIScrollView+MJExtension.h */,
				838FB4831CDA3BCF00917F90 /* UIScrollView+MJExtension.m */,
				838FB4841CDA3BCF00917F90 /* UIScrollView+MJRefresh.h */,
				838FB4851CDA3BCF00917F90 /* UIScrollView+MJRefresh.m */,
				838FB4861CDA3BCF00917F90 /* UIView+MJExtension.h */,
				838FB4871CDA3BCF00917F90 /* UIView+MJExtension.m */,
			);
			path = MJRefresh;
			sourceTree = "<group>";
		};
		838FB45C1CDA3BCF00917F90 /* Base */ = {
			isa = PBXGroup;
			children = (
				838FB45D1CDA3BCF00917F90 /* MJRefreshAutoFooter.h */,
				838FB45E1CDA3BCF00917F90 /* MJRefreshAutoFooter.m */,
				838FB45F1CDA3BCF00917F90 /* MJRefreshBackFooter.h */,
				838FB4601CDA3BCF00917F90 /* MJRefreshBackFooter.m */,
				838FB4611CDA3BCF00917F90 /* MJRefreshComponent.h */,
				838FB4621CDA3BCF00917F90 /* MJRefreshComponent.m */,
				838FB4631CDA3BCF00917F90 /* MJRefreshFooter.h */,
				838FB4641CDA3BCF00917F90 /* MJRefreshFooter.m */,
				838FB4651CDA3BCF00917F90 /* MJRefreshHeader.h */,
				838FB4661CDA3BCF00917F90 /* MJRefreshHeader.m */,
			);
			path = Base;
			sourceTree = "<group>";
		};
		838FB4671CDA3BCF00917F90 /* Custom */ = {
			isa = PBXGroup;
			children = (
				838FB4681CDA3BCF00917F90 /* Footer */,
				838FB4771CDA3BCF00917F90 /* Header */,
			);
			path = Custom;
			sourceTree = "<group>";
		};
		838FB4681CDA3BCF00917F90 /* Footer */ = {
			isa = PBXGroup;
			children = (
				838FB4691CDA3BCF00917F90 /* Auto */,
				838FB4701CDA3BCF00917F90 /* Back */,
			);
			path = Footer;
			sourceTree = "<group>";
		};
		838FB4691CDA3BCF00917F90 /* Auto */ = {
			isa = PBXGroup;
			children = (
				838FB46A1CDA3BCF00917F90 /* MJRefreshAutoGifFooter.h */,
				838FB46B1CDA3BCF00917F90 /* MJRefreshAutoGifFooter.m */,
				838FB46C1CDA3BCF00917F90 /* MJRefreshAutoNormalFooter.h */,
				838FB46D1CDA3BCF00917F90 /* MJRefreshAutoNormalFooter.m */,
				838FB46E1CDA3BCF00917F90 /* MJRefreshAutoStateFooter.h */,
				838FB46F1CDA3BCF00917F90 /* MJRefreshAutoStateFooter.m */,
			);
			path = Auto;
			sourceTree = "<group>";
		};
		838FB4701CDA3BCF00917F90 /* Back */ = {
			isa = PBXGroup;
			children = (
				838FB4711CDA3BCF00917F90 /* MJRefreshBackGifFooter.h */,
				838FB4721CDA3BCF00917F90 /* MJRefreshBackGifFooter.m */,
				838FB4731CDA3BCF00917F90 /* MJRefreshBackNormalFooter.h */,
				838FB4741CDA3BCF00917F90 /* MJRefreshBackNormalFooter.m */,
				838FB4751CDA3BCF00917F90 /* MJRefreshBackStateFooter.h */,
				838FB4761CDA3BCF00917F90 /* MJRefreshBackStateFooter.m */,
			);
			path = Back;
			sourceTree = "<group>";
		};
		838FB4771CDA3BCF00917F90 /* Header */ = {
			isa = PBXGroup;
			children = (
				838FB4781CDA3BCF00917F90 /* MJRefreshGifHeader.h */,
				838FB4791CDA3BCF00917F90 /* MJRefreshGifHeader.m */,
				838FB47A1CDA3BCF00917F90 /* MJRefreshNormalHeader.h */,
				838FB47B1CDA3BCF00917F90 /* MJRefreshNormalHeader.m */,
				838FB47C1CDA3BCF00917F90 /* MJRefreshStateHeader.h */,
				838FB47D1CDA3BCF00917F90 /* MJRefreshStateHeader.m */,
			);
			path = Header;
			sourceTree = "<group>";
		};
		838FB4881CDA3BCF00917F90 /* SDWebImage */ = {
			isa = PBXGroup;
			children = (
				838FB4891CDA3BCF00917F90 /* MKAnnotationView+WebCache.h */,
				838FB48A1CDA3BCF00917F90 /* MKAnnotationView+WebCache.m */,
				838FB48B1CDA3BCF00917F90 /* NSData+ImageContentType.h */,
				838FB48C1CDA3BCF00917F90 /* NSData+ImageContentType.m */,
				838FB48D1CDA3BCF00917F90 /* SDImageCache.h */,
				838FB48E1CDA3BCF00917F90 /* SDImageCache.m */,
				838FB48F1CDA3BCF00917F90 /* SDWebImageCompat.h */,
				838FB4901CDA3BCF00917F90 /* SDWebImageCompat.m */,
				838FB4911CDA3BCF00917F90 /* SDWebImageDecoder.h */,
				838FB4921CDA3BCF00917F90 /* SDWebImageDecoder.m */,
				838FB4931CDA3BCF00917F90 /* SDWebImageDownloader.h */,
				838FB4941CDA3BCF00917F90 /* SDWebImageDownloader.m */,
				838FB4951CDA3BCF00917F90 /* SDWebImageDownloaderOperation.h */,
				838FB4961CDA3BCF00917F90 /* SDWebImageDownloaderOperation.m */,
				838FB4971CDA3BCF00917F90 /* SDWebImageManager.h */,
				838FB4981CDA3BCF00917F90 /* SDWebImageManager.m */,
				838FB4991CDA3BCF00917F90 /* SDWebImageOperation.h */,
				838FB49A1CDA3BCF00917F90 /* SDWebImagePrefetcher.h */,
				838FB49B1CDA3BCF00917F90 /* SDWebImagePrefetcher.m */,
				838FB49C1CDA3BCF00917F90 /* UIButton+WebCache.h */,
				838FB49D1CDA3BCF00917F90 /* UIButton+WebCache.m */,
				838FB49E1CDA3BCF00917F90 /* UIImage+GIF.h */,
				838FB49F1CDA3BCF00917F90 /* UIImage+GIF.m */,
				838FB4A01CDA3BCF00917F90 /* UIImage+MultiFormat.h */,
				838FB4A11CDA3BCF00917F90 /* UIImage+MultiFormat.m */,
				838FB4A21CDA3BCF00917F90 /* UIImage+WebP.h */,
				838FB4A31CDA3BCF00917F90 /* UIImage+WebP.m */,
				838FB4A41CDA3BCF00917F90 /* UIImageView+HighlightedWebCache.h */,
				838FB4A51CDA3BCF00917F90 /* UIImageView+HighlightedWebCache.m */,
				838FB4A61CDA3BCF00917F90 /* UIImageView+WebCache.h */,
				838FB4A71CDA3BCF00917F90 /* UIImageView+WebCache.m */,
				838FB4A81CDA3BCF00917F90 /* UIView+WebCacheOperation.h */,
				838FB4A91CDA3BCF00917F90 /* UIView+WebCacheOperation.m */,
			);
			path = SDWebImage;
			sourceTree = "<group>";
		};
		838FB4AA1CDA3BCF00917F90 /* SVProgressHUD */ = {
			isa = PBXGroup;
			children = (
				838FB4AB1CDA3BCF00917F90 /* SVIndefiniteAnimatedView.h */,
				838FB4AC1CDA3BCF00917F90 /* SVIndefiniteAnimatedView.m */,
				838FB4AD1CDA3BCF00917F90 /* SVProgressHUD.bundle */,
				838FB4AE1CDA3BCF00917F90 /* SVProgressHUD.h */,
				838FB4AF1CDA3BCF00917F90 /* SVProgressHUD.m */,
			);
			path = SVProgressHUD;
			sourceTree = "<group>";
		};
/* End PBXGroup section */

/* Begin PBXNativeTarget section */
		8323934E1CD979F700F5A511 /* 百思不得骑姐 */ = {
			isa = PBXNativeTarget;
			buildConfigurationList = 8323937C1CD979F800F5A511 /* Build configuration list for PBXNativeTarget "百思不得骑姐" */;
			buildPhases = (
				8323934B1CD979F700F5A511 /* Sources */,
				8323934C1CD979F700F5A511 /* Frameworks */,
				8323934D1CD979F700F5A511 /* Resources */,
			);
			buildRules = (
			);
			dependencies = (
			);
			name = "百思不得骑姐";
			productName = "百思不得骑姐";
			productReference = 8323934F1CD979F700F5A511 /* 百思不得骑姐.app */;
			productType = "com.apple.product-type.application";
		};
		832393671CD979F800F5A511 /* 百思不得骑姐Tests */ = {
			isa = PBXNativeTarget;
			buildConfigurationList = 8323937F1CD979F800F5A511 /* Build configuration list for PBXNativeTarget "百思不得骑姐Tests" */;
			buildPhases = (
				832393641CD979F800F5A511 /* Sources */,
				832393651CD979F800F5A511 /* Frameworks */,
				832393661CD979F800F5A511 /* Resources */,
			);
			buildRules = (
			);
			dependencies = (
				8323936A1CD979F800F5A511 /* PBXTargetDependency */,
			);
			name = "百思不得骑姐Tests";
			productName = "百思不得骑姐Tests";
			productReference = 832393681CD979F800F5A511 /* 百思不得骑姐Tests.xctest */;
			productType = "com.apple.product-type.bundle.unit-test";
		};
		832393721CD979F800F5A511 /* 百思不得骑姐UITests */ = {
			isa = PBXNativeTarget;
			buildConfigurationList = 832393821CD979F800F5A511 /* Build configuration list for PBXNativeTarget "百思不得骑姐UITests" */;
			buildPhases = (
				8323936F1CD979F800F5A511 /* Sources */,
				832393701CD979F800F5A511 /* Frameworks */,
				832393711CD979F800F5A511 /* Resources */,
			);
			buildRules = (
			);
			dependencies = (
				832393751CD979F800F5A511 /* PBXTargetDependency */,
			);
			name = "百思不得骑姐UITests";
			productName = "百思不得骑姐UITests";
			productReference = 832393731CD979F800F5A511 /* 百思不得骑姐UITests.xctest */;
			productType = "com.apple.product-type.bundle.ui-testing";
		};
/* End PBXNativeTarget section */

/* Begin PBXProject section */
		832393471CD979F700F5A511 /* Project object */ = {
			isa = PBXProject;
			attributes = {
				CLASSPREFIX = LCK;
				LastUpgradeCheck = 0730;
				ORGANIZATIONNAME = "黄海良";
				TargetAttributes = {
					8323934E1CD979F700F5A511 = {
						CreatedOnToolsVersion = 7.3;
					};
					832393671CD979F800F5A511 = {
						CreatedOnToolsVersion = 7.3;
						TestTargetID = 8323934E1CD979F700F5A511;
					};
					832393721CD979F800F5A511 = {
						CreatedOnToolsVersion = 7.3;
						TestTargetID = 8323934E1CD979F700F5A511;
					};
				};
			};
			buildConfigurationList = 8323934A1CD979F700F5A511 /* Build configuration list for PBXProject "百思不得骑姐" */;
			compatibilityVersion = "Xcode 3.2";
			developmentRegion = English;
			hasScannedForEncodings = 0;
			knownRegions = (
				en,
				Base,
			);
			mainGroup = 832393461CD979F600F5A511;
			productRefGroup = 832393501CD979F700F5A511 /* Products */;
			projectDirPath = "";
			projectRoot = "";
			targets = (
				8323934E1CD979F700F5A511 /* 百思不得骑姐 */,
				832393671CD979F800F5A511 /* 百思不得骑姐Tests */,
				832393721CD979F800F5A511 /* 百思不得骑姐UITests */,
			);
		};
/* End PBXProject section */

/* Begin PBXResourcesBuildPhase section */
		8323934D1CD979F700F5A511 /* Resources */ = {
			isa = PBXResourcesBuildPhase;
			buildActionMask = 2147483647;
			files = (
				833303D61CE230800025587B /* LCKTopicVoiceView.xib in Resources */,
				83022CB01CE096F900BCC710 /* LCKTopicPictureView.xib in Resources */,
				838FB4E41CDA3BCF00917F90 /* SVProgressHUD.bundle in Resources */,
				838FB4EF1CDA472700917F90 /* LCKRecommendCategoryCell.xib in Resources */,
				83022CC21CE0BC2B00BCC710 /* LCKShowPictureController.xib in Resources */,
				83AD49E31CDA312500B1A884 /* LCKRecommendViewController.xib in Resources */,
				83AEE06B1CDAE040002E9C63 /* LCKRecommendUserCell.xib in Resources */,
				8323935F1CD979F800F5A511 /* Assets.xcassets in Resources */,
				83D907B81CE17BF60091F278 /* LCKPublishViewController.xib in Resources */,
				83C99A6F1CDE13DB00FC5638 /* LCKLoginRegisterViewController.xib in Resources */,
				83B3A12D1CDEC7DA00773786 /* LCKPushGuideView.xib in Resources */,
				838FB4CE1CDA3BCF00917F90 /* MJRefresh.bundle in Resources */,
				832394221CDA0A8300F5A511 /* LCKFriendTrendsViewController.xib in Resources */,
				8314E34B1CDF88DF00706C8F /* LCKTopicCell.xib in Resources */,
				83DB8F851CDB8CDC00A22D75 /* LCKRecommendTagViewCell.xib in Resources */,
			);
			runOnlyForDeploymentPostprocessing = 0;
		};
		832393661CD979F800F5A511 /* Resources */ = {
			isa = PBXResourcesBuildPhase;
			buildActionMask = 2147483647;
			files = (
			);
			runOnlyForDeploymentPostprocessing = 0;
		};
		832393711CD979F800F5A511 /* Resources */ = {
			isa = PBXResourcesBuildPhase;
			buildActionMask = 2147483647;
			files = (
			);
			runOnlyForDeploymentPostprocessing = 0;
		};
/* End PBXResourcesBuildPhase section */

/* Begin PBXSourcesBuildPhase section */
		8323934B1CD979F700F5A511 /* Sources */ = {
			isa = PBXSourcesBuildPhase;
			buildActionMask = 2147483647;
			files = (
				838FB4D71CDA3BCF00917F90 /* SDWebImageDecoder.m in Sources */,
				838FB4DB1CDA3BCF00917F90 /* SDWebImagePrefetcher.m in Sources */,
				832394141CD9D8A100F5A511 /* UIView+LCKExtention.m in Sources */,
				838FB4E01CDA3BCF00917F90 /* UIImageView+HighlightedWebCache.m in Sources */,
				8323940E1CD9D8A100F5A511 /* LCKEssenceViewController.m in Sources */,
				838FB4E71CDA3C8200917F90 /* Foundation+Log.m in Sources */,
				83C99A721CDE2C5400FC5638 /* LCKVerticalButton.m in Sources */,
				838FB4C11CDA3BCF00917F90 /* MJRefreshBackFooter.m in Sources */,
				83AD49E21CDA312500B1A884 /* LCKRecommendViewController.m in Sources */,
				832394151CD9D8A100F5A511 /* LCKtabBarController.m in Sources */,
				83D907B71CE17BF60091F278 /* LCKPublishViewController.m in Sources */,
				838FB4DF1CDA3BCF00917F90 /* UIImage+WebP.m in Sources */,
				838FB4C61CDA3BCF00917F90 /* MJRefreshAutoNormalFooter.m in Sources */,
				83C99A6E1CDE13DB00FC5638 /* LCKLoginRegisterViewController.m in Sources */,
				838FB4EE1CDA472700917F90 /* LCKRecommendCategoryCell.m in Sources */,
				8314E34A1CDF88DF00706C8F /* LCKTopicCell.m in Sources */,
				838FB4EA1CDA43C000917F90 /* LCKRecommendCategory.m in Sources */,
				838FB4B01CDA3BCF00917F90 /* AFHTTPSessionManager.m in Sources */,
				838FB4D21CDA3BCF00917F90 /* UIView+MJExtension.m in Sources */,
				83022CAB1CE03F1000BCC710 /* LCKTopicViewController.m in Sources */,
				83022CBD1CE0BA1000BCC710 /* DALabeledCircularProgressView.m in Sources */,
				838FB4CF1CDA3BCF00917F90 /* MJRefreshConst.m in Sources */,
				838FB4E11CDA3BCF00917F90 /* UIImageView+WebCache.m in Sources */,
				838FB4D01CDA3BCF00917F90 /* UIScrollView+MJExtension.m in Sources */,
				833303D41CE230690025587B /* LCKTopicVoiceView.m in Sources */,
				838FB4DA1CDA3BCF00917F90 /* SDWebImageManager.m in Sources */,
				838FB4D41CDA3BCF00917F90 /* NSData+ImageContentType.m in Sources */,
				838FB4C71CDA3BCF00917F90 /* MJRefreshAutoStateFooter.m in Sources */,
				8323941B1CD9E1DC00F5A511 /* LCKNavigationController.m in Sources */,
				838FB4C21CDA3BCF00917F90 /* MJRefreshComponent.m in Sources */,
				83C99A751CDE3E6200FC5638 /* LCKTextField.m in Sources */,
				838FB4C81CDA3BCF00917F90 /* MJRefreshBackGifFooter.m in Sources */,
				838FB4E51CDA3BCF00917F90 /* SVProgressHUD.m in Sources */,
				838FB4B91CDA3BCF00917F90 /* MJPropertyKey.m in Sources */,
				838FB4B11CDA3BCF00917F90 /* AFNetworkReachabilityManager.m in Sources */,
				838FB4D31CDA3BCF00917F90 /* MKAnnotationView+WebCache.m in Sources */,
				838FB4C41CDA3BCF00917F90 /* MJRefreshHeader.m in Sources */,
				838FB4BA1CDA3BCF00917F90 /* MJPropertyType.m in Sources */,
				838FB4E31CDA3BCF00917F90 /* SVIndefiniteAnimatedView.m in Sources */,
				83022CA81CE0312600BCC710 /* NSDate+XMGExtension.m in Sources */,
				83DB8F841CDB8CDC00A22D75 /* LCKRecommendTagViewCell.m in Sources */,
				838FB4D11CDA3BCF00917F90 /* UIScrollView+MJRefresh.m in Sources */,
				838FB4C01CDA3BCF00917F90 /* MJRefreshAutoFooter.m in Sources */,
				8323940F1CD9D8A100F5A511 /* LCKFriendTrendsViewController.m in Sources */,
				832394171CD9D8A100F5A511 /* LCKTabBar.m in Sources */,
				83022CAE1CE096D200BCC710 /* LCKTopicPictureView.m in Sources */,
				838FB4B51CDA3BCF00917F90 /* AFURLSessionManager.m in Sources */,
				838FB4BD1CDA3BCF00917F90 /* NSObject+MJKeyValue.m in Sources */,
				838FB4B41CDA3BCF00917F90 /* AFURLResponseSerialization.m in Sources */,
				838FB4DC1CDA3BCF00917F90 /* UIButton+WebCache.m in Sources */,
				83022CC11CE0BC2B00BCC710 /* LCKShowPictureController.m in Sources */,
				838FB4D61CDA3BCF00917F90 /* SDWebImageCompat.m in Sources */,
				832394131CD9D8A100F5A511 /* UIBarButtonItem+LCKExtention.m in Sources */,
				838FB4BF1CDA3BCF00917F90 /* NSString+MJExtension.m in Sources */,
				838FB4CC1CDA3BCF00917F90 /* MJRefreshNormalHeader.m in Sources */,
				838FB4CD1CDA3BCF00917F90 /* MJRefreshStateHeader.m in Sources */,
				83B3A12B1CDEC7C000773786 /* LCKPushGuideView.m in Sources */,
				83022CB31CE0B8F700BCC710 /* LCKProgressView.m in Sources */,
				838FB4CB1CDA3BCF00917F90 /* MJRefreshGifHeader.m in Sources */,
				838FB4C91CDA3BCF00917F90 /* MJRefreshBackNormalFooter.m in Sources */,
				838FB4D81CDA3BCF00917F90 /* SDWebImageDownloader.m in Sources */,
				83AEE06E1CDAE81A002E9C63 /* LCKRecommendUser.m in Sources */,
				832394121CD9D8A100F5A511 /* LCKNewViewController.m in Sources */,
				838FB4C51CDA3BCF00917F90 /* MJRefreshAutoGifFooter.m in Sources */,
				83DB8F801CDB855700A22D75 /* LCKRecommendTags.m in Sources */,
				83022CBC1CE0BA1000BCC710 /* DACircularProgressView.m in Sources */,
				838FB4DD1CDA3BCF00917F90 /* UIImage+GIF.m in Sources */,
				838FB4B31CDA3BCF00917F90 /* AFURLRequestSerialization.m in Sources */,
				83B3A13F1CDF4BFD00773786 /* LCKTopic.m in Sources */,
				838FB4B71CDA3BCF00917F90 /* MJFoundation.m in Sources */,
				838FB4C31CDA3BCF00917F90 /* MJRefreshFooter.m in Sources */,
				838FB4D91CDA3BCF00917F90 /* SDWebImageDownloaderOperation.m in Sources */,
				838FB4B21CDA3BCF00917F90 /* AFSecurityPolicy.m in Sources */,
				838FB4DE1CDA3BCF00917F90 /* UIImage+MultiFormat.m in Sources */,
				838FB4E21CDA3BCF00917F90 /* UIView+WebCacheOperation.m in Sources */,
				838FB4B61CDA3BCF00917F90 /* MJExtensionConst.m in Sources */,
				838FB4BC1CDA3BCF00917F90 /* NSObject+MJCoding.m in Sources */,
				832394101CD9D8A100F5A511 /* AppDelegate.m in Sources */,
				838FB4BE1CDA3BCF00917F90 /* NSObject+MJProperty.m in Sources */,
				832394161CD9D8A100F5A511 /* main.m in Sources */,
				838FB4CA1CDA3BCF00917F90 /* MJRefreshBackStateFooter.m in Sources */,
				8314E3461CDF7E1700706C8F /* LCKConst.m in Sources */,
				832394111CD9D8A100F5A511 /* LCKMeViewController.m in Sources */,
				838FB4BB1CDA3BCF00917F90 /* NSObject+MJClass.m in Sources */,
				838FB4B81CDA3BCF00917F90 /* MJProperty.m in Sources */,
				83AEE06A1CDAE040002E9C63 /* LCKRecommendUserCell.m in Sources */,
				838FB4D51CDA3BCF00917F90 /* SDImageCache.m in Sources */,
				83DB8F7D1CDB805700A22D75 /* LCKRecommendTagViewController.m in Sources */,
			);
			runOnlyForDeploymentPostprocessing = 0;
		};
		832393641CD979F800F5A511 /* Sources */ = {
			isa = PBXSourcesBuildPhase;
			buildActionMask = 2147483647;
			files = (
				8323936D1CD979F800F5A511 /* ______Tests.m in Sources */,
			);
			runOnlyForDeploymentPostprocessing = 0;
		};
		8323936F1CD979F800F5A511 /* Sources */ = {
			isa = PBXSourcesBuildPhase;
			buildActionMask = 2147483647;
			files = (
				832393781CD979F800F5A511 /* ______UITests.m in Sources */,
			);
			runOnlyForDeploymentPostprocessing = 0;
		};
/* End PBXSourcesBuildPhase section */

/* Begin PBXTargetDependency section */
		8323936A1CD979F800F5A511 /* PBXTargetDependency */ = {
			isa = PBXTargetDependency;
			target = 8323934E1CD979F700F5A511 /* 百思不得骑姐 */;
			targetProxy = 832393691CD979F800F5A511 /* PBXContainerItemProxy */;
		};
		832393751CD979F800F5A511 /* PBXTargetDependency */ = {
			isa = PBXTargetDependency;
			target = 8323934E1CD979F700F5A511 /* 百思不得骑姐 */;
			targetProxy = 832393741CD979F800F5A511 /* PBXContainerItemProxy */;
		};
/* End PBXTargetDependency section */

/* Begin XCBuildConfiguration section */
		8323937A1CD979F800F5A511 /* Debug */ = {
			isa = XCBuildConfiguration;
			buildSettings = {
				ALWAYS_SEARCH_USER_PATHS = NO;
				CLANG_ANALYZER_NONNULL = YES;
				CLANG_CXX_LANGUAGE_STANDARD = "gnu++0x";
				CLANG_CXX_LIBRARY = "libc++";
				CLANG_ENABLE_MODULES = YES;
				CLANG_ENABLE_OBJC_ARC = YES;
				CLANG_WARN_BOOL_CONVERSION = YES;
				CLANG_WARN_CONSTANT_CONVERSION = YES;
				CLANG_WARN_DIRECT_OBJC_ISA_USAGE = YES_ERROR;
				CLANG_WARN_EMPTY_BODY = YES;
				CLANG_WARN_ENUM_CONVERSION = YES;
				CLANG_WARN_INT_CONVERSION = YES;
				CLANG_WARN_OBJC_ROOT_CLASS = YES_ERROR;
				CLANG_WARN_UNREACHABLE_CODE = YES;
				CLANG_WARN__DUPLICATE_METHOD_MATCH = YES;
				"CODE_SIGN_IDENTITY[sdk=iphoneos*]" = "iPhone Developer";
				COPY_PHASE_STRIP = NO;
				DEBUG_INFORMATION_FORMAT = dwarf;
				ENABLE_STRICT_OBJC_MSGSEND = YES;
				ENABLE_TESTABILITY = YES;
				GCC_C_LANGUAGE_STANDARD = gnu99;
				GCC_DYNAMIC_NO_PIC = NO;
				GCC_NO_COMMON_BLOCKS = YES;
				GCC_OPTIMIZATION_LEVEL = 0;
				GCC_PREPROCESSOR_DEFINITIONS = (
					"DEBUG=1",
					"$(inherited)",
				);
				GCC_WARN_64_TO_32_BIT_CONVERSION = YES;
				GCC_WARN_ABOUT_RETURN_TYPE = YES_ERROR;
				GCC_WARN_UNDECLARED_SELECTOR = YES;
				GCC_WARN_UNINITIALIZED_AUTOS = YES_AGGRESSIVE;
				GCC_WARN_UNUSED_FUNCTION = YES;
				GCC_WARN_UNUSED_VARIABLE = YES;
				IPHONEOS_DEPLOYMENT_TARGET = 9.3;
				MTL_ENABLE_DEBUG_INFO = YES;
				ONLY_ACTIVE_ARCH = YES;
				SDKROOT = iphoneos;
			};
			name = Debug;
		};
		8323937B1CD979F800F5A511 /* Release */ = {
			isa = XCBuildConfiguration;
			buildSettings = {
				ALWAYS_SEARCH_USER_PATHS = NO;
				CLANG_ANALYZER_NONNULL = YES;
				CLANG_CXX_LANGUAGE_STANDARD = "gnu++0x";
				CLANG_CXX_LIBRARY = "libc++";
				CLANG_ENABLE_MODULES = YES;
				CLANG_ENABLE_OBJC_ARC = YES;
				CLANG_WARN_BOOL_CONVERSION = YES;
				CLANG_WARN_CONSTANT_CONVERSION = YES;
				CLANG_WARN_DIRECT_OBJC_ISA_USAGE = YES_ERROR;
				CLANG_WARN_EMPTY_BODY = YES;
				CLANG_WARN_ENUM_CONVERSION = YES;
				CLANG_WARN_INT_CONVERSION = YES;
				CLANG_WARN_OBJC_ROOT_CLASS = YES_ERROR;
				CLANG_WARN_UNREACHABLE_CODE = YES;
				CLANG_WARN__DUPLICATE_METHOD_MATCH = YES;
				"CODE_SIGN_IDENTITY[sdk=iphoneos*]" = "iPhone Developer";
				COPY_PHASE_STRIP = NO;
				DEBUG_INFORMATION_FORMAT = "dwarf-with-dsym";
				ENABLE_NS_ASSERTIONS = NO;
				ENABLE_STRICT_OBJC_MSGSEND = YES;
				GCC_C_LANGUAGE_STANDARD = gnu99;
				GCC_NO_COMMON_BLOCKS = YES;
				GCC_WARN_64_TO_32_BIT_CONVERSION = YES;
				GCC_WARN_ABOUT_RETURN_TYPE = YES_ERROR;
				GCC_WARN_UNDECLARED_SELECTOR = YES;
				GCC_WARN_UNINITIALIZED_AUTOS = YES_AGGRESSIVE;
				GCC_WARN_UNUSED_FUNCTION = YES;
				GCC_WARN_UNUSED_VARIABLE = YES;
				IPHONEOS_DEPLOYMENT_TARGET = 9.3;
				MTL_ENABLE_DEBUG_INFO = NO;
				SDKROOT = iphoneos;
				VALIDATE_PRODUCT = YES;
			};
			name = Release;
		};
		8323937D1CD979F800F5A511 /* Debug */ = {
			isa = XCBuildConfiguration;
			buildSettings = {
				ASSETCATALOG_COMPILER_APPICON_NAME = AppIcon;
				ASSETCATALOG_COMPILER_LAUNCHIMAGE_NAME = "Brand Assets";
				GCC_PREFIX_HEADER = "百思不得骑姐/PrefixHeader.pch";
				INFOPLIST_FILE = "百思不得骑姐/Info.plist";
				LD_RUNPATH_SEARCH_PATHS = "$(inherited) @executable_path/Frameworks";
				PRODUCT_BUNDLE_IDENTIFIER = "com.liangcku.sister.------";
				PRODUCT_NAME = "$(TARGET_NAME)";
			};
			name = Debug;
		};
		8323937E1CD979F800F5A511 /* Release */ = {
			isa = XCBuildConfiguration;
			buildSettings = {
				ASSETCATALOG_COMPILER_APPICON_NAME = AppIcon;
				ASSETCATALOG_COMPILER_LAUNCHIMAGE_NAME = "Brand Assets";
				GCC_PREFIX_HEADER = "百思不得骑姐/PrefixHeader.pch";
				INFOPLIST_FILE = "百思不得骑姐/Info.plist";
				LD_RUNPATH_SEARCH_PATHS = "$(inherited) @executable_path/Frameworks";
				PRODUCT_BUNDLE_IDENTIFIER = "com.liangcku.sister.------";
				PRODUCT_NAME = "$(TARGET_NAME)";
			};
			name = Release;
		};
		832393801CD979F800F5A511 /* Debug */ = {
			isa = XCBuildConfiguration;
			buildSettings = {
				BUNDLE_LOADER = "$(TEST_HOST)";
				INFOPLIST_FILE = "百思不得骑姐Tests/Info.plist";
				LD_RUNPATH_SEARCH_PATHS = "$(inherited) @executable_path/Frameworks @loader_path/Frameworks";
				PRODUCT_BUNDLE_IDENTIFIER = "com.liangcku.sister.------Tests";
				PRODUCT_NAME = "$(TARGET_NAME)";
				TEST_HOST = "$(BUILT_PRODUCTS_DIR)/百思不得骑姐.app/百思不得骑姐";
			};
			name = Debug;
		};
		832393811CD979F800F5A511 /* Release */ = {
			isa = XCBuildConfiguration;
			buildSettings = {
				BUNDLE_LOADER = "$(TEST_HOST)";
				INFOPLIST_FILE = "百思不得骑姐Tests/Info.plist";
				LD_RUNPATH_SEARCH_PATHS = "$(inherited) @executable_path/Frameworks @loader_path/Frameworks";
				PRODUCT_BUNDLE_IDENTIFIER = "com.liangcku.sister.------Tests";
				PRODUCT_NAME = "$(TARGET_NAME)";
				TEST_HOST = "$(BUILT_PRODUCTS_DIR)/百思不得骑姐.app/百思不得骑姐";
			};
			name = Release;
		};
		832393831CD979F800F5A511 /* Debug */ = {
			isa = XCBuildConfiguration;
			buildSettings = {
				INFOPLIST_FILE = "百思不得骑姐UITests/Info.plist";
				LD_RUNPATH_SEARCH_PATHS = "$(inherited) @executable_path/Frameworks @loader_path/Frameworks";
				PRODUCT_BUNDLE_IDENTIFIER = "com.liangcku.sister.------UITests";
				PRODUCT_NAME = "$(TARGET_NAME)";
				TEST_TARGET_NAME = "百思不得骑姐";
			};
			name = Debug;
		};
		832393841CD979F800F5A511 /* Release */ = {
			isa = XCBuildConfiguration;
			buildSettings = {
				INFOPLIST_FILE = "百思不得骑姐UITests/Info.plist";
				LD_RUNPATH_SEARCH_PATHS = "$(inherited) @executable_path/Frameworks @loader_path/Frameworks";
				PRODUCT_BUNDLE_IDENTIFIER = "com.liangcku.sister.------UITests";
				PRODUCT_NAME = "$(TARGET_NAME)";
				TEST_TARGET_NAME = "百思不得骑姐";
			};
			name = Release;
		};
/* End XCBuildConfiguration section */

/* Begin XCConfigurationList section */
		8323934A1CD979F700F5A511 /* Build configuration list for PBXProject "百思不得骑姐" */ = {
			isa = XCConfigurationList;
			buildConfigurations = (
				8323937A1CD979F800F5A511 /* Debug */,
				8323937B1CD979F800F5A511 /* Release */,
			);
			defaultConfigurationIsVisible = 0;
			defaultConfigurationName = Release;
		};
		8323937C1CD979F800F5A511 /* Build configuration list for PBXNativeTarget "百思不得骑姐" */ = {
			isa = XCConfigurationList;
			buildConfigurations = (
				8323937D1CD979F800F5A511 /* Debug */,
				8323937E1CD979F800F5A511 /* Release */,
			);
			defaultConfigurationIsVisible = 0;
			defaultConfigurationName = Release;
		};
		8323937F1CD979F800F5A511 /* Build configuration list for PBXNativeTarget "百思不得骑姐Tests" */ = {
			isa = XCConfigurationList;
			buildConfigurations = (
				832393801CD979F800F5A511 /* Debug */,
				832393811CD979F800F5A511 /* Release */,
			);
			defaultConfigurationIsVisible = 0;
			defaultConfigurationName = Release;
		};
		832393821CD979F800F5A511 /* Build configuration list for PBXNativeTarget "百思不得骑姐UITests" */ = {
			isa = XCConfigurationList;
			buildConfigurations = (
				832393831CD979F800F5A511 /* Debug */,
				832393841CD979F800F5A511 /* Release */,
			);
			defaultConfigurationIsVisible = 0;
			defaultConfigurationName = Release;
		};
/* End XCConfigurationList section */
	};
	rootObject = 832393471CD979F700F5A511 /* Project object */;
}
